PODS:
  - AFNetworking (2.4.1):
    - AFNetworking/NSURLConnection
    - AFNetworking/NSURLSession
    - AFNetworking/Reachability
    - AFNetworking/Security
    - AFNetworking/Serialization
    - AFNetworking/UIKit
  - AFNetworking/NSURLConnection (2.4.1):
    - AFNetworking/Reachability
    - AFNetworking/Security
    - AFNetworking/Serialization
  - AFNetworking/NSURLSession (2.4.1):
    - AFNetworking/Reachability
    - AFNetworking/Security
    - AFNetworking/Serialization
  - AFNetworking/Reachability (2.4.1)
  - AFNetworking/Security (2.4.1)
  - AFNetworking/Serialization (2.4.1)
  - AFNetworking/UIKit (2.4.1):
    - AFNetworking/NSURLConnection
    - AFNetworking/NSURLSession
  - GroundControl (2.1.0):
    - AFNetworking (~> 2.2)
  - HexColors (2.2.1)
  - MBLocationManager (0.1.2)
  - Mixpanel (2.5.4)
  - MPFlipViewController (0.0.2)
  - TSMessages (0.9.10):
    - HexColors
  - UIColor-HexString (1.1.0)

DEPENDENCIES:
  - GroundControl
  - MBLocationManager
  - Mixpanel
  - MPFlipViewController
  - TSMessages
  - UIColor-HexString

SPEC CHECKSUMS:
  AFNetworking: 0aabc6fae66d6e5d039eeb21c315843c7aae51ab
  GroundControl: 2f9024230e41ff5e5a8e3ca060ed1b74883bdd1a
  HexColors: 01384d2bbe8dc4ffa43c3b4135db6e976952d153
  MBLocationManager: 82e477b28b7a748a63fb12f8211e89aa79be1b81
  Mixpanel: 87167a0b0a74f11f0ee3787f291357494730617c
  MPFlipViewController: c044c0b6385c8d826601a36b05211d5cf009d4e8
  TSMessages: 8598a0645e9d54847f6e5f3b070bef39c493bbf8
  UIColor-HexString: a9eabf02c1a2f9036ed6ac9cb2a3ea086f3b39e4

COCOAPODS: 0.34.4
