PODS:
  - AFNetworking (2.0.0):
    - AFNetworking/NSURLConnection
    - AFNetworking/NSURLSession
    - AFNetworking/Reachability
    - AFNetworking/Security
    - AFNetworking/Serialization
    - AFNetworking/UIKit
  - AFNetworking/NSURLConnection (2.0.0):
    - AFNetworking/Reachability
    - AFNetworking/Security
    - AFNetworking/Serialization
  - AFNetworking/Reachability (2.0.0)
  - AFNetworking/Security (2.0.0)
  - AFNetworking/Serialization (2.0.0)
  - AFNetworking/UIKit (2.0.0):
    - AFNetworking/NSURLConnection
  - ALAlertBanner (0.3.0)
  - FlatUIKit (1.2)
  - FlurrySDK (4.2.3)
  - GoogleAnalytics-iOS-SDK (3.0.1)
  - GroundControl (0.0.3):
    - AFNetworking (>= 2.0.0)
  - Mixpanel (2.0.2)
  - MPFlipViewController (0.0.2)
  - Nimbus/AttributedLabel (1.0.0):
    - Nimbus/Core
  - Nimbus/Core (1.0.0)
  - PonyDebugger (0.3.0):
    - SocketRocket
  - RCLocationManager (0.1)
  - SocketRocket (0.3.1-beta2)
  - TestFlightSDK (2.0.2)

DEPENDENCIES:
  - AFNetworking (~> 2.0)
  - ALAlertBanner (~> 0.3.0)
  - FlatUIKit (~> 1.0)
  - FlurrySDK (~> 4.2.3)
  - GoogleAnalytics-iOS-SDK (~> 3.0)
  - GroundControl (from `https://github.com/jstart/GroundControl.git`, tag `0.0.3`)
  - Mixpanel (~> 2.0.0)
  - MPFlipViewController (~> 0.0.2)
  - Nimbus/AttributedLabel (~> 1.0.0)
  - PonyDebugger (~> 0.3.0)
  - RCLocationManager (~> 0.1)
  - TestFlightSDK (~> 2.0)

EXTERNAL SOURCES:
  GroundControl:
    :git: https://github.com/jstart/GroundControl.git
    :tag: 0.0.3

SPEC CHECKSUMS:
  AFNetworking: 3fa983b1beaba69566a3374612511e2a6e3fe845
  ALAlertBanner: 13d4bf464a845fa8845338291807df97f4b9939d
  FlatUIKit: 43b2acaa6f4ef57539b51b00e4ce62d506e33e11
  FlurrySDK: 20b3fd669eeafd005ca8ff65a1406d1befbc8031
  GoogleAnalytics-iOS-SDK: ea0118af32b97a92ac98b25ecc2aa2a286c835c7
  GroundControl: 8be46caf78ba8811943fc4f26f6a7918f72b18d6
  Mixpanel: 7829ba2cc58d251a4674520109e9bfead76acc98
  MPFlipViewController: a1f32bd11035fa45ec05f211d0ee2ec47cfc52f7
  Nimbus: 5396b75b180a4bf6fe813553d533121d42bdd9d9
  PonyDebugger: b8b504d18c6fe8cfe904295d8e908b076bdfa291
  RCLocationManager: f02bd426e93e87693fe8a2adf76f917a74d774c9
  SocketRocket: 7ac946bcce46287a791dfff3c1f8daa692821dae
  TestFlightSDK: 0811097c1f831afb71f68ccd07ae71325cb90f43

COCOAPODS: 0.25.0
