// !$*UTF8*$!
{
	archiveVersion = 1;
	classes = {
	};
	objectVersion = 46;
	objects = {

/* Begin PBXBuildFile section */
		04BA76BC719E418FB5016D43 /* libPods.a in Frameworks */ = {isa = PBXBuildFile; fileRef = F98CF40EF0CE46A1BA959525 /* libPods.a */; };
		A5C8C7D74CE64FF2B29A0BC5 /* libPods.a in Frameworks */ = {isa = PBXBuildFile; fileRef = F98CF40EF0CE46A1BA959525 /* libPods.a */; };
		AD22A1BC19D368BF00D6695A /* NotificationCenter.framework in Frameworks */ = {isa = PBXBuildFile; fileRef = AD22A1BB19D368BF00D6695A /* NotificationCenter.framework */; };
		AD22A1C119D368BF00D6695A /* TodayViewController.swift in Sources */ = {isa = PBXBuildFile; fileRef = AD22A1C019D368BF00D6695A /* TodayViewController.swift */; };
		AD22A1C319D368BF00D6695A /* MainInterface.storyboard in Resources */ = {isa = PBXBuildFile; fileRef = AD22A1C219D368BF00D6695A /* MainInterface.storyboard */; };
		AD22A1C619D368BF00D6695A /* Terrific-Nearby.appex in Embed App Extensions */ = {isa = PBXBuildFile; fileRef = AD22A1BA19D368BF00D6695A /* Terrific-Nearby.appex */; settings = {ATTRIBUTES = (RemoveHeadersOnCopy, ); }; };
		AD22A1D419D36BAA00D6695A /* SGNetworkManager.m in Sources */ = {isa = PBXBuildFile; fileRef = ADA2193619624481007050C1 /* SGNetworkManager.m */; };
		AD39FC2219D36FBF00F7C63C /* SGPlace.m in Sources */ = {isa = PBXBuildFile; fileRef = ADA2192F19624481007050C1 /* SGPlace.m */; };
		ADA218C619624235007050C1 /* MainStoryboard.storyboard in Resources */ = {isa = PBXBuildFile; fileRef = ADA2188B19624235007050C1 /* MainStoryboard.storyboard */; };
		ADA218C919624235007050C1 /* AppIcon29x29.png in Resources */ = {isa = PBXBuildFile; fileRef = ADA2189319624235007050C1 /* AppIcon29x29.png */; };
		ADA218CA19624235007050C1 /* AppIcon29x29@2x.png in Resources */ = {isa = PBXBuildFile; fileRef = ADA2189419624235007050C1 /* AppIcon29x29@2x.png */; };
		ADA218CB19624235007050C1 /* AppIcon40x40.png in Resources */ = {isa = PBXBuildFile; fileRef = ADA2189519624235007050C1 /* AppIcon40x40.png */; };
		ADA218CC19624235007050C1 /* AppIcon40x40@2x.png in Resources */ = {isa = PBXBuildFile; fileRef = ADA2189619624235007050C1 /* AppIcon40x40@2x.png */; };
		ADA218CD19624235007050C1 /* AppIcon50x50.png in Resources */ = {isa = PBXBuildFile; fileRef = ADA2189719624235007050C1 /* AppIcon50x50.png */; };
		ADA218CE19624235007050C1 /* AppIcon50x50@2x.png in Resources */ = {isa = PBXBuildFile; fileRef = ADA2189819624235007050C1 /* AppIcon50x50@2x.png */; };
		ADA218CF19624235007050C1 /* AppIcon57x57.png in Resources */ = {isa = PBXBuildFile; fileRef = ADA2189919624235007050C1 /* AppIcon57x57.png */; };
		ADA218D019624235007050C1 /* AppIcon57x57@2x.png in Resources */ = {isa = PBXBuildFile; fileRef = ADA2189A19624235007050C1 /* AppIcon57x57@2x.png */; };
		ADA218D119624235007050C1 /* AppIcon60x60.png in Resources */ = {isa = PBXBuildFile; fileRef = ADA2189B19624235007050C1 /* AppIcon60x60.png */; };
		ADA218D219624235007050C1 /* AppIcon60x60@2x.png in Resources */ = {isa = PBXBuildFile; fileRef = ADA2189C19624235007050C1 /* AppIcon60x60@2x.png */; };
		ADA218D319624235007050C1 /* AppIcon72x72.png in Resources */ = {isa = PBXBuildFile; fileRef = ADA2189D19624235007050C1 /* AppIcon72x72.png */; };
		ADA218D419624235007050C1 /* AppIcon72x72@2x.png in Resources */ = {isa = PBXBuildFile; fileRef = ADA2189E19624235007050C1 /* AppIcon72x72@2x.png */; };
		ADA218D519624235007050C1 /* AppIcon76x76.png in Resources */ = {isa = PBXBuildFile; fileRef = ADA2189F19624235007050C1 /* AppIcon76x76.png */; };
		ADA218D619624235007050C1 /* AppIcon76x76@2x.png in Resources */ = {isa = PBXBuildFile; fileRef = ADA218A019624235007050C1 /* AppIcon76x76@2x.png */; };
		ADA218D719624235007050C1 /* iTunesArtwork.png in Resources */ = {isa = PBXBuildFile; fileRef = ADA218A119624235007050C1 /* iTunesArtwork.png */; };
		ADA218D819624235007050C1 /* iTunesArtwork@2x.png in Resources */ = {isa = PBXBuildFile; fileRef = ADA218A219624235007050C1 /* iTunesArtwork@2x.png */; };
		ADA218D919624235007050C1 /* Default-568h@2x.png in Resources */ = {isa = PBXBuildFile; fileRef = ADA218A319624235007050C1 /* Default-568h@2x.png */; };
		ADA218DA19624235007050C1 /* Default@2x.png in Resources */ = {isa = PBXBuildFile; fileRef = ADA218A419624235007050C1 /* Default@2x.png */; };
		ADA218DC19624235007050C1 /* gplaypattern.png in Resources */ = {isa = PBXBuildFile; fileRef = ADA218A619624235007050C1 /* gplaypattern.png */; };
		ADA218DD19624235007050C1 /* gplaypattern@2X.png in Resources */ = {isa = PBXBuildFile; fileRef = ADA218A719624235007050C1 /* gplaypattern@2X.png */; };
		ADA218E219624235007050C1 /* Images.xcassets in Resources */ = {isa = PBXBuildFile; fileRef = ADA218AC19624235007050C1 /* Images.xcassets */; };
		ADA2191F1962434E007050C1 /* main.m in Sources */ = {isa = PBXBuildFile; fileRef = ADA2191B1962434E007050C1 /* main.m */; };
		ADA219201962434E007050C1 /* Search_Params.plist in Resources */ = {isa = PBXBuildFile; fileRef = ADA2191C1962434E007050C1 /* Search_Params.plist */; };
		ADA219231962436D007050C1 /* Location.gpx in Resources */ = {isa = PBXBuildFile; fileRef = ADA219221962436D007050C1 /* Location.gpx */; };
		ADA2194619624481007050C1 /* SGPlace.m in Sources */ = {isa = PBXBuildFile; fileRef = ADA2192F19624481007050C1 /* SGPlace.m */; };
		ADA2194719624481007050C1 /* SGAnnotation.m in Sources */ = {isa = PBXBuildFile; fileRef = ADA2193119624481007050C1 /* SGAnnotation.m */; };
		ADA2194819624481007050C1 /* SGAppDelegate.m in Sources */ = {isa = PBXBuildFile; fileRef = ADA2193319624481007050C1 /* SGAppDelegate.m */; };
		ADA2194919624481007050C1 /* SGNetworkManager.m in Sources */ = {isa = PBXBuildFile; fileRef = ADA2193619624481007050C1 /* SGNetworkManager.m */; };
		ADA2194A19624481007050C1 /* SGDetailCardViewController.m in Sources */ = {isa = PBXBuildFile; fileRef = ADA2193919624481007050C1 /* SGDetailCardViewController.m */; };
		ADA2194B19624481007050C1 /* SGMapViewController.m in Sources */ = {isa = PBXBuildFile; fileRef = ADA2193B19624481007050C1 /* SGMapViewController.m */; };
		ADA2194C19624481007050C1 /* SGPlaceDetailsViewController.m in Sources */ = {isa = PBXBuildFile; fileRef = ADA2193D19624481007050C1 /* SGPlaceDetailsViewController.m */; };
		ADA2194D19624481007050C1 /* SGPlaceImageViewController.m in Sources */ = {isa = PBXBuildFile; fileRef = ADA2193F19624481007050C1 /* SGPlaceImageViewController.m */; };
		ADA21951196245A0007050C1 /* SGMenuCollectionViewController.m in Sources */ = {isa = PBXBuildFile; fileRef = ADA21950196245A0007050C1 /* SGMenuCollectionViewController.m */; };
		ADA219671962464C007050C1 /* MPSkewedCell.m in Sources */ = {isa = PBXBuildFile; fileRef = ADA219601962464C007050C1 /* MPSkewedCell.m */; };
		ADA219681962464C007050C1 /* MPSkewedParallaxLayout.m in Sources */ = {isa = PBXBuildFile; fileRef = ADA219621962464C007050C1 /* MPSkewedParallaxLayout.m */; };
		ADA2196A1962464C007050C1 /* UIView+Frame.m in Sources */ = {isa = PBXBuildFile; fileRef = ADA219661962464C007050C1 /* UIView+Frame.m */; };
		ADA597C419CCE40A00012489 /* NotificationBackgroundError.png in Resources */ = {isa = PBXBuildFile; fileRef = ADA597B319CCE40A00012489 /* NotificationBackgroundError.png */; };
		ADA597C519CCE40A00012489 /* NotificationBackgroundError@2x.png in Resources */ = {isa = PBXBuildFile; fileRef = ADA597B419CCE40A00012489 /* NotificationBackgroundError@2x.png */; };
		ADA597C619CCE40A00012489 /* NotificationBackgroundErrorIcon.png in Resources */ = {isa = PBXBuildFile; fileRef = ADA597B519CCE40A00012489 /* NotificationBackgroundErrorIcon.png */; };
		ADA597C719CCE40A00012489 /* NotificationBackgroundErrorIcon@2x.png in Resources */ = {isa = PBXBuildFile; fileRef = ADA597B619CCE40A00012489 /* NotificationBackgroundErrorIcon@2x.png */; };
		ADA597C819CCE40A00012489 /* NotificationBackgroundMessage.png in Resources */ = {isa = PBXBuildFile; fileRef = ADA597B719CCE40A00012489 /* NotificationBackgroundMessage.png */; };
		ADA597C919CCE40A00012489 /* NotificationBackgroundMessage@2x.png in Resources */ = {isa = PBXBuildFile; fileRef = ADA597B819CCE40A00012489 /* NotificationBackgroundMessage@2x.png */; };
		ADA597CA19CCE40A00012489 /* NotificationBackgroundSuccess.png in Resources */ = {isa = PBXBuildFile; fileRef = ADA597B919CCE40A00012489 /* NotificationBackgroundSuccess.png */; };
		ADA597CB19CCE40A00012489 /* NotificationBackgroundSuccess@2x.png in Resources */ = {isa = PBXBuildFile; fileRef = ADA597BA19CCE40A00012489 /* NotificationBackgroundSuccess@2x.png */; };
		ADA597CC19CCE40A00012489 /* NotificationBackgroundSuccessIcon.png in Resources */ = {isa = PBXBuildFile; fileRef = ADA597BB19CCE40A00012489 /* NotificationBackgroundSuccessIcon.png */; };
		ADA597CD19CCE40A00012489 /* NotificationBackgroundSuccessIcon@2x.png in Resources */ = {isa = PBXBuildFile; fileRef = ADA597BC19CCE40A00012489 /* NotificationBackgroundSuccessIcon@2x.png */; };
		ADA597CE19CCE40A00012489 /* NotificationBackgroundWarning.png in Resources */ = {isa = PBXBuildFile; fileRef = ADA597BD19CCE40A00012489 /* NotificationBackgroundWarning.png */; };
		ADA597CF19CCE40A00012489 /* NotificationBackgroundWarning@2x.png in Resources */ = {isa = PBXBuildFile; fileRef = ADA597BE19CCE40A00012489 /* NotificationBackgroundWarning@2x.png */; };
		ADA597D019CCE40A00012489 /* NotificationBackgroundWarningIcon.png in Resources */ = {isa = PBXBuildFile; fileRef = ADA597BF19CCE40A00012489 /* NotificationBackgroundWarningIcon.png */; };
		ADA597D119CCE40A00012489 /* NotificationBackgroundWarningIcon@2x.png in Resources */ = {isa = PBXBuildFile; fileRef = ADA597C019CCE40A00012489 /* NotificationBackgroundWarningIcon@2x.png */; };
		ADA597D219CCE40A00012489 /* NotificationButtonBackground.png in Resources */ = {isa = PBXBuildFile; fileRef = ADA597C119CCE40A00012489 /* NotificationButtonBackground.png */; };
		ADA597D319CCE40A00012489 /* NotificationButtonBackground@2x.png in Resources */ = {isa = PBXBuildFile; fileRef = ADA597C219CCE40A00012489 /* NotificationButtonBackground@2x.png */; };
		ADA597D419CCE40A00012489 /* TSMessagesDefaultDesign.json in Resources */ = {isa = PBXBuildFile; fileRef = ADA597C319CCE40A00012489 /* TSMessagesDefaultDesign.json */; };
		ADA597D619CCE8CD00012489 /* MapKit.framework in Frameworks */ = {isa = PBXBuildFile; fileRef = ADA597D519CCE8CD00012489 /* MapKit.framework */; };
		ADEA5B90195E0E0000CE20B2 /* GoogleMaps.bundle in Resources */ = {isa = PBXBuildFile; fileRef = ADEA5B8F195E0E0000CE20B2 /* GoogleMaps.bundle */; };
		FD8D133415F4C04700A4C749 /* Crashlytics.framework in Frameworks */ = {isa = PBXBuildFile; fileRef = FD8D133315F4C04700A4C749 /* Crashlytics.framework */; };
/* End PBXBuildFile section */

/* Begin PBXContainerItemProxy section */
		AD22A1C419D368BF00D6695A /* PBXContainerItemProxy */ = {
			isa = PBXContainerItemProxy;
			containerPortal = FDC48439154CFBDF0035BB36 /* Project object */;
			proxyType = 1;
			remoteGlobalIDString = AD22A1B919D368BF00D6695A;
			remoteInfo = "Terrific-Nearby";
		};
		AD22A1C719D368BF00D6695A /* PBXContainerItemProxy */ = {
			isa = PBXContainerItemProxy;
			containerPortal = FDC48439154CFBDF0035BB36 /* Project object */;
			proxyType = 1;
			remoteGlobalIDString = AD22A1B919D368BF00D6695A;
			remoteInfo = "Terrific-Nearby";
		};
/* End PBXContainerItemProxy section */

/* Begin PBXCopyFilesBuildPhase section */
		AD22A1CC19D368BF00D6695A /* Embed App Extensions */ = {
			isa = PBXCopyFilesBuildPhase;
			buildActionMask = 2147483647;
			dstPath = "";
			dstSubfolderSpec = 13;
			files = (
				AD22A1C619D368BF00D6695A /* Terrific-Nearby.appex in Embed App Extensions */,
			);
			name = "Embed App Extensions";
			runOnlyForDeploymentPostprocessing = 0;
		};
/* End PBXCopyFilesBuildPhase section */

/* Begin PBXFileReference section */
		AD22A1BA19D368BF00D6695A /* Terrific-Nearby.appex */ = {isa = PBXFileReference; explicitFileType = "wrapper.app-extension"; includeInIndex = 0; path = "Terrific-Nearby.appex"; sourceTree = BUILT_PRODUCTS_DIR; };
		AD22A1BB19D368BF00D6695A /* NotificationCenter.framework */ = {isa = PBXFileReference; lastKnownFileType = wrapper.framework; name = NotificationCenter.framework; path = System/Library/Frameworks/NotificationCenter.framework; sourceTree = SDKROOT; };
		AD22A1BF19D368BF00D6695A /* Info.plist */ = {isa = PBXFileReference; lastKnownFileType = text.plist.xml; path = Info.plist; sourceTree = "<group>"; };
		AD22A1C019D368BF00D6695A /* TodayViewController.swift */ = {isa = PBXFileReference; lastKnownFileType = sourcecode.swift; path = TodayViewController.swift; sourceTree = "<group>"; };
		AD22A1C219D368BF00D6695A /* MainInterface.storyboard */ = {isa = PBXFileReference; lastKnownFileType = file.storyboard; path = MainInterface.storyboard; sourceTree = "<group>"; };
		AD22A1D119D36B9800D6695A /* Terrific-Nearby-Bridging-Header.h */ = {isa = PBXFileReference; lastKnownFileType = sourcecode.c.h; path = "Terrific-Nearby-Bridging-Header.h"; sourceTree = "<group>"; };
		AD39FC2319D3781800F7C63C /* Terrific.entitlements */ = {isa = PBXFileReference; lastKnownFileType = text.xml; path = Terrific.entitlements; sourceTree = "<group>"; };
		AD39FC2419D378EE00F7C63C /* Terrific-Nearby.entitlements */ = {isa = PBXFileReference; lastKnownFileType = text.xml; path = "Terrific-Nearby.entitlements"; sourceTree = "<group>"; };
		ADA2188C19624235007050C1 /* en */ = {isa = PBXFileReference; lastKnownFileType = file.storyboard; name = en; path = en.lproj/MainStoryboard.storyboard; sourceTree = "<group>"; };
		ADA2189319624235007050C1 /* AppIcon29x29.png */ = {isa = PBXFileReference; lastKnownFileType = image.png; path = AppIcon29x29.png; sourceTree = "<group>"; };
		ADA2189419624235007050C1 /* AppIcon29x29@2x.png */ = {isa = PBXFileReference; lastKnownFileType = image.png; path = "AppIcon29x29@2x.png"; sourceTree = "<group>"; };
		ADA2189519624235007050C1 /* AppIcon40x40.png */ = {isa = PBXFileReference; lastKnownFileType = image.png; path = AppIcon40x40.png; sourceTree = "<group>"; };
		ADA2189619624235007050C1 /* AppIcon40x40@2x.png */ = {isa = PBXFileReference; lastKnownFileType = image.png; path = "AppIcon40x40@2x.png"; sourceTree = "<group>"; };
		ADA2189719624235007050C1 /* AppIcon50x50.png */ = {isa = PBXFileReference; lastKnownFileType = image.png; path = AppIcon50x50.png; sourceTree = "<group>"; };
		ADA2189819624235007050C1 /* AppIcon50x50@2x.png */ = {isa = PBXFileReference; lastKnownFileType = image.png; path = "AppIcon50x50@2x.png"; sourceTree = "<group>"; };
		ADA2189919624235007050C1 /* AppIcon57x57.png */ = {isa = PBXFileReference; lastKnownFileType = image.png; path = AppIcon57x57.png; sourceTree = "<group>"; };
		ADA2189A19624235007050C1 /* AppIcon57x57@2x.png */ = {isa = PBXFileReference; lastKnownFileType = image.png; path = "AppIcon57x57@2x.png"; sourceTree = "<group>"; };
		ADA2189B19624235007050C1 /* AppIcon60x60.png */ = {isa = PBXFileReference; lastKnownFileType = image.png; path = AppIcon60x60.png; sourceTree = "<group>"; };
		ADA2189C19624235007050C1 /* AppIcon60x60@2x.png */ = {isa = PBXFileReference; lastKnownFileType = image.png; path = "AppIcon60x60@2x.png"; sourceTree = "<group>"; };
		ADA2189D19624235007050C1 /* AppIcon72x72.png */ = {isa = PBXFileReference; lastKnownFileType = image.png; path = AppIcon72x72.png; sourceTree = "<group>"; };
		ADA2189E19624235007050C1 /* AppIcon72x72@2x.png */ = {isa = PBXFileReference; lastKnownFileType = image.png; path = "AppIcon72x72@2x.png"; sourceTree = "<group>"; };
		ADA2189F19624235007050C1 /* AppIcon76x76.png */ = {isa = PBXFileReference; lastKnownFileType = image.png; path = AppIcon76x76.png; sourceTree = "<group>"; };
		ADA218A019624235007050C1 /* AppIcon76x76@2x.png */ = {isa = PBXFileReference; lastKnownFileType = image.png; path = "AppIcon76x76@2x.png"; sourceTree = "<group>"; };
		ADA218A119624235007050C1 /* iTunesArtwork.png */ = {isa = PBXFileReference; lastKnownFileType = image.png; path = iTunesArtwork.png; sourceTree = "<group>"; };
		ADA218A219624235007050C1 /* iTunesArtwork@2x.png */ = {isa = PBXFileReference; lastKnownFileType = image.png; path = "iTunesArtwork@2x.png"; sourceTree = "<group>"; };
		ADA218A319624235007050C1 /* Default-568h@2x.png */ = {isa = PBXFileReference; lastKnownFileType = image.png; path = "Default-568h@2x.png"; sourceTree = "<group>"; };
		ADA218A419624235007050C1 /* Default@2x.png */ = {isa = PBXFileReference; lastKnownFileType = image.png; path = "Default@2x.png"; sourceTree = "<group>"; };
		ADA218A619624235007050C1 /* gplaypattern.png */ = {isa = PBXFileReference; lastKnownFileType = image.png; path = gplaypattern.png; sourceTree = "<group>"; };
		ADA218A719624235007050C1 /* gplaypattern@2X.png */ = {isa = PBXFileReference; lastKnownFileType = image.png; path = "gplaypattern@2X.png"; sourceTree = "<group>"; };
		ADA218AC19624235007050C1 /* Images.xcassets */ = {isa = PBXFileReference; lastKnownFileType = folder.assetcatalog; name = Images.xcassets; path = ../Images.xcassets; sourceTree = "<group>"; };
		ADA2191B1962434E007050C1 /* main.m */ = {isa = PBXFileReference; fileEncoding = 4; lastKnownFileType = sourcecode.c.objc; path = main.m; sourceTree = "<group>"; };
		ADA2191C1962434E007050C1 /* Search_Params.plist */ = {isa = PBXFileReference; fileEncoding = 4; lastKnownFileType = text.plist.xml; path = Search_Params.plist; sourceTree = "<group>"; };
		ADA2191D1962434E007050C1 /* Terrific-Info.plist */ = {isa = PBXFileReference; fileEncoding = 4; lastKnownFileType = text.plist.xml; path = "Terrific-Info.plist"; sourceTree = "<group>"; };
		ADA2191E1962434E007050C1 /* Terrific-Prefix.pch */ = {isa = PBXFileReference; fileEncoding = 4; lastKnownFileType = sourcecode.c.h; path = "Terrific-Prefix.pch"; sourceTree = "<group>"; };
		ADA219221962436D007050C1 /* Location.gpx */ = {isa = PBXFileReference; fileEncoding = 4; lastKnownFileType = text.xml; path = Location.gpx; sourceTree = SOURCE_ROOT; };
		ADA2192E19624481007050C1 /* SGPlace.h */ = {isa = PBXFileReference; fileEncoding = 4; lastKnownFileType = sourcecode.c.h; path = SGPlace.h; sourceTree = "<group>"; };
		ADA2192F19624481007050C1 /* SGPlace.m */ = {isa = PBXFileReference; fileEncoding = 4; lastKnownFileType = sourcecode.c.objc; path = SGPlace.m; sourceTree = "<group>"; };
		ADA2193019624481007050C1 /* SGAnnotation.h */ = {isa = PBXFileReference; fileEncoding = 4; lastKnownFileType = sourcecode.c.h; path = SGAnnotation.h; sourceTree = "<group>"; };
		ADA2193119624481007050C1 /* SGAnnotation.m */ = {isa = PBXFileReference; fileEncoding = 4; lastKnownFileType = sourcecode.c.objc; path = SGAnnotation.m; sourceTree = "<group>"; };
		ADA2193219624481007050C1 /* SGAppDelegate.h */ = {isa = PBXFileReference; fileEncoding = 4; lastKnownFileType = sourcecode.c.h; path = SGAppDelegate.h; sourceTree = "<group>"; };
		ADA2193319624481007050C1 /* SGAppDelegate.m */ = {isa = PBXFileReference; fileEncoding = 4; lastKnownFileType = sourcecode.c.objc; path = SGAppDelegate.m; sourceTree = "<group>"; };
		ADA2193419624481007050C1 /* SGConstants.h */ = {isa = PBXFileReference; fileEncoding = 4; lastKnownFileType = sourcecode.c.h; path = SGConstants.h; sourceTree = "<group>"; };
		ADA2193519624481007050C1 /* SGNetworkManager.h */ = {isa = PBXFileReference; fileEncoding = 4; lastKnownFileType = sourcecode.c.h; path = SGNetworkManager.h; sourceTree = "<group>"; };
		ADA2193619624481007050C1 /* SGNetworkManager.m */ = {isa = PBXFileReference; fileEncoding = 4; lastKnownFileType = sourcecode.c.objc; path = SGNetworkManager.m; sourceTree = "<group>"; };
		ADA2193819624481007050C1 /* SGDetailCardViewController.h */ = {isa = PBXFileReference; fileEncoding = 4; lastKnownFileType = sourcecode.c.h; path = SGDetailCardViewController.h; sourceTree = "<group>"; };
		ADA2193919624481007050C1 /* SGDetailCardViewController.m */ = {isa = PBXFileReference; fileEncoding = 4; lastKnownFileType = sourcecode.c.objc; path = SGDetailCardViewController.m; sourceTree = "<group>"; };
		ADA2193A19624481007050C1 /* SGMapViewController.h */ = {isa = PBXFileReference; fileEncoding = 4; lastKnownFileType = sourcecode.c.h; path = SGMapViewController.h; sourceTree = "<group>"; };
		ADA2193B19624481007050C1 /* SGMapViewController.m */ = {isa = PBXFileReference; fileEncoding = 4; lastKnownFileType = sourcecode.c.objc; path = SGMapViewController.m; sourceTree = "<group>"; };
		ADA2193C19624481007050C1 /* SGPlaceDetailsViewController.h */ = {isa = PBXFileReference; fileEncoding = 4; lastKnownFileType = sourcecode.c.h; path = SGPlaceDetailsViewController.h; sourceTree = "<group>"; };
		ADA2193D19624481007050C1 /* SGPlaceDetailsViewController.m */ = {isa = PBXFileReference; fileEncoding = 4; lastKnownFileType = sourcecode.c.objc; path = SGPlaceDetailsViewController.m; sourceTree = "<group>"; };
		ADA2193E19624481007050C1 /* SGPlaceImageViewController.h */ = {isa = PBXFileReference; fileEncoding = 4; lastKnownFileType = sourcecode.c.h; path = SGPlaceImageViewController.h; sourceTree = "<group>"; };
		ADA2193F19624481007050C1 /* SGPlaceImageViewController.m */ = {isa = PBXFileReference; fileEncoding = 4; lastKnownFileType = sourcecode.c.objc; path = SGPlaceImageViewController.m; sourceTree = "<group>"; };
		ADA2194F196245A0007050C1 /* SGMenuCollectionViewController.h */ = {isa = PBXFileReference; fileEncoding = 4; lastKnownFileType = sourcecode.c.h; path = SGMenuCollectionViewController.h; sourceTree = "<group>"; };
		ADA21950196245A0007050C1 /* SGMenuCollectionViewController.m */ = {isa = PBXFileReference; fileEncoding = 4; lastKnownFileType = sourcecode.c.objc; path = SGMenuCollectionViewController.m; sourceTree = "<group>"; };
		ADA2195F1962464C007050C1 /* MPSkewedCell.h */ = {isa = PBXFileReference; fileEncoding = 4; lastKnownFileType = sourcecode.c.h; path = MPSkewedCell.h; sourceTree = "<group>"; };
		ADA219601962464C007050C1 /* MPSkewedCell.m */ = {isa = PBXFileReference; fileEncoding = 4; lastKnownFileType = sourcecode.c.objc; path = MPSkewedCell.m; sourceTree = "<group>"; };
		ADA219611962464C007050C1 /* MPSkewedParallaxLayout.h */ = {isa = PBXFileReference; fileEncoding = 4; lastKnownFileType = sourcecode.c.h; path = MPSkewedParallaxLayout.h; sourceTree = "<group>"; };
		ADA219621962464C007050C1 /* MPSkewedParallaxLayout.m */ = {isa = PBXFileReference; fileEncoding = 4; lastKnownFileType = sourcecode.c.objc; path = MPSkewedParallaxLayout.m; sourceTree = "<group>"; };
		ADA219651962464C007050C1 /* UIView+Frame.h */ = {isa = PBXFileReference; fileEncoding = 4; lastKnownFileType = sourcecode.c.h; path = "UIView+Frame.h"; sourceTree = "<group>"; };
		ADA219661962464C007050C1 /* UIView+Frame.m */ = {isa = PBXFileReference; fileEncoding = 4; lastKnownFileType = sourcecode.c.objc; path = "UIView+Frame.m"; sourceTree = "<group>"; };
		ADA597B319CCE40A00012489 /* NotificationBackgroundError.png */ = {isa = PBXFileReference; lastKnownFileType = image.png; path = NotificationBackgroundError.png; sourceTree = "<group>"; };
		ADA597B419CCE40A00012489 /* NotificationBackgroundError@2x.png */ = {isa = PBXFileReference; lastKnownFileType = image.png; path = "NotificationBackgroundError@2x.png"; sourceTree = "<group>"; };
		ADA597B519CCE40A00012489 /* NotificationBackgroundErrorIcon.png */ = {isa = PBXFileReference; lastKnownFileType = image.png; path = NotificationBackgroundErrorIcon.png; sourceTree = "<group>"; };
		ADA597B619CCE40A00012489 /* NotificationBackgroundErrorIcon@2x.png */ = {isa = PBXFileReference; lastKnownFileType = image.png; path = "NotificationBackgroundErrorIcon@2x.png"; sourceTree = "<group>"; };
		ADA597B719CCE40A00012489 /* NotificationBackgroundMessage.png */ = {isa = PBXFileReference; lastKnownFileType = image.png; path = NotificationBackgroundMessage.png; sourceTree = "<group>"; };
		ADA597B819CCE40A00012489 /* NotificationBackgroundMessage@2x.png */ = {isa = PBXFileReference; lastKnownFileType = image.png; path = "NotificationBackgroundMessage@2x.png"; sourceTree = "<group>"; };
		ADA597B919CCE40A00012489 /* NotificationBackgroundSuccess.png */ = {isa = PBXFileReference; lastKnownFileType = image.png; path = NotificationBackgroundSuccess.png; sourceTree = "<group>"; };
		ADA597BA19CCE40A00012489 /* NotificationBackgroundSuccess@2x.png */ = {isa = PBXFileReference; lastKnownFileType = image.png; path = "NotificationBackgroundSuccess@2x.png"; sourceTree = "<group>"; };
		ADA597BB19CCE40A00012489 /* NotificationBackgroundSuccessIcon.png */ = {isa = PBXFileReference; lastKnownFileType = image.png; path = NotificationBackgroundSuccessIcon.png; sourceTree = "<group>"; };
		ADA597BC19CCE40A00012489 /* NotificationBackgroundSuccessIcon@2x.png */ = {isa = PBXFileReference; lastKnownFileType = image.png; path = "NotificationBackgroundSuccessIcon@2x.png"; sourceTree = "<group>"; };
		ADA597BD19CCE40A00012489 /* NotificationBackgroundWarning.png */ = {isa = PBXFileReference; lastKnownFileType = image.png; path = NotificationBackgroundWarning.png; sourceTree = "<group>"; };
		ADA597BE19CCE40A00012489 /* NotificationBackgroundWarning@2x.png */ = {isa = PBXFileReference; lastKnownFileType = image.png; path = "NotificationBackgroundWarning@2x.png"; sourceTree = "<group>"; };
		ADA597BF19CCE40A00012489 /* NotificationBackgroundWarningIcon.png */ = {isa = PBXFileReference; lastKnownFileType = image.png; path = NotificationBackgroundWarningIcon.png; sourceTree = "<group>"; };
		ADA597C019CCE40A00012489 /* NotificationBackgroundWarningIcon@2x.png */ = {isa = PBXFileReference; lastKnownFileType = image.png; path = "NotificationBackgroundWarningIcon@2x.png"; sourceTree = "<group>"; };
		ADA597C119CCE40A00012489 /* NotificationButtonBackground.png */ = {isa = PBXFileReference; lastKnownFileType = image.png; path = NotificationButtonBackground.png; sourceTree = "<group>"; };
		ADA597C219CCE40A00012489 /* NotificationButtonBackground@2x.png */ = {isa = PBXFileReference; lastKnownFileType = image.png; path = "NotificationButtonBackground@2x.png"; sourceTree = "<group>"; };
		ADA597C319CCE40A00012489 /* TSMessagesDefaultDesign.json */ = {isa = PBXFileReference; fileEncoding = 4; lastKnownFileType = text.json; path = TSMessagesDefaultDesign.json; sourceTree = "<group>"; };
		ADA597D519CCE8CD00012489 /* MapKit.framework */ = {isa = PBXFileReference; lastKnownFileType = wrapper.framework; name = MapKit.framework; path = System/Library/Frameworks/MapKit.framework; sourceTree = SDKROOT; };
		ADEA5B8F195E0E0000CE20B2 /* GoogleMaps.bundle */ = {isa = PBXFileReference; lastKnownFileType = "wrapper.plug-in"; name = GoogleMaps.bundle; path = "Pods/Google-Maps-iOS-SDK/GoogleMaps.framework/Versions/A/Resources/GoogleMaps.bundle"; sourceTree = "<group>"; };
		B0D7DFF6021B4A21BBAA755A /* Pods.xcconfig */ = {isa = PBXFileReference; includeInIndex = 1; lastKnownFileType = text.xcconfig; name = Pods.xcconfig; path = Pods/Pods.xcconfig; sourceTree = SOURCE_ROOT; };
		F98CF40EF0CE46A1BA959525 /* libPods.a */ = {isa = PBXFileReference; explicitFileType = archive.ar; includeInIndex = 0; path = libPods.a; sourceTree = BUILT_PRODUCTS_DIR; };
		FD8D133315F4C04700A4C749 /* Crashlytics.framework */ = {isa = PBXFileReference; lastKnownFileType = wrapper.framework; path = Crashlytics.framework; sourceTree = "<group>"; };
		FDC48442154CFBE00035BB36 /* Terrific.app */ = {isa = PBXFileReference; explicitFileType = wrapper.application; includeInIndex = 0; path = Terrific.app; sourceTree = BUILT_PRODUCTS_DIR; };
/* End PBXFileReference section */

/* Begin PBXFrameworksBuildPhase section */
		AD22A1B719D368BF00D6695A /* Frameworks */ = {
			isa = PBXFrameworksBuildPhase;
			buildActionMask = 2147483647;
			files = (
				AD22A1BC19D368BF00D6695A /* NotificationCenter.framework in Frameworks */,
				A5C8C7D74CE64FF2B29A0BC5 /* libPods.a in Frameworks */,
			);
			runOnlyForDeploymentPostprocessing = 0;
		};
		FDC4843F154CFBE00035BB36 /* Frameworks */ = {
			isa = PBXFrameworksBuildPhase;
			buildActionMask = 2147483647;
			files = (
				FD8D133415F4C04700A4C749 /* Crashlytics.framework in Frameworks */,
				ADA597D619CCE8CD00012489 /* MapKit.framework in Frameworks */,
				04BA76BC719E418FB5016D43 /* libPods.a in Frameworks */,
			);
			runOnlyForDeploymentPostprocessing = 0;
		};
/* End PBXFrameworksBuildPhase section */

/* Begin PBXGroup section */
		AD22A1BD19D368BF00D6695A /* Terrific-Nearby */ = {
			isa = PBXGroup;
			children = (
				AD39FC2419D378EE00F7C63C /* Terrific-Nearby.entitlements */,
				AD22A1C019D368BF00D6695A /* TodayViewController.swift */,
				AD22A1C219D368BF00D6695A /* MainInterface.storyboard */,
				AD22A1BE19D368BF00D6695A /* Supporting Files */,
				AD22A1D119D36B9800D6695A /* Terrific-Nearby-Bridging-Header.h */,
			);
			path = "Terrific-Nearby";
			sourceTree = "<group>";
		};
		AD22A1BE19D368BF00D6695A /* Supporting Files */ = {
			isa = PBXGroup;
			children = (
				AD22A1BF19D368BF00D6695A /* Info.plist */,
			);
			name = "Supporting Files";
			sourceTree = "<group>";
		};
		ADA2188619624235007050C1 /* Terrific */ = {
			isa = PBXGroup;
			children = (
				AD39FC2319D3781800F7C63C /* Terrific.entitlements */,
				ADA2192419624481007050C1 /* Classes */,
				ADA2191A1962434E007050C1 /* Supporting Files */,
				ADA2188B19624235007050C1 /* MainStoryboard.storyboard */,
				ADA2189119624235007050C1 /* images */,
			);
			path = Terrific;
			sourceTree = "<group>";
		};
		ADA2189119624235007050C1 /* images */ = {
			isa = PBXGroup;
			children = (
				ADA597B219CCE40A00012489 /* Assets */,
				ADA218AC19624235007050C1 /* Images.xcassets */,
				ADA2189219624235007050C1 /* App Icon [Squared] */,
				ADA2191919624337007050C1 /* Default */,
				ADA218A619624235007050C1 /* gplaypattern.png */,
				ADA218A719624235007050C1 /* gplaypattern@2X.png */,
			);
			path = images;
			sourceTree = "<group>";
		};
		ADA2189219624235007050C1 /* App Icon [Squared] */ = {
			isa = PBXGroup;
			children = (
				ADA2189319624235007050C1 /* AppIcon29x29.png */,
				ADA2189419624235007050C1 /* AppIcon29x29@2x.png */,
				ADA2189519624235007050C1 /* AppIcon40x40.png */,
				ADA2189619624235007050C1 /* AppIcon40x40@2x.png */,
				ADA2189719624235007050C1 /* AppIcon50x50.png */,
				ADA2189819624235007050C1 /* AppIcon50x50@2x.png */,
				ADA2189919624235007050C1 /* AppIcon57x57.png */,
				ADA2189A19624235007050C1 /* AppIcon57x57@2x.png */,
				ADA2189B19624235007050C1 /* AppIcon60x60.png */,
				ADA2189C19624235007050C1 /* AppIcon60x60@2x.png */,
				ADA2189D19624235007050C1 /* AppIcon72x72.png */,
				ADA2189E19624235007050C1 /* AppIcon72x72@2x.png */,
				ADA2189F19624235007050C1 /* AppIcon76x76.png */,
				ADA218A019624235007050C1 /* AppIcon76x76@2x.png */,
				ADA218A119624235007050C1 /* iTunesArtwork.png */,
				ADA218A219624235007050C1 /* iTunesArtwork@2x.png */,
			);
			path = "App Icon [Squared]";
			sourceTree = "<group>";
		};
		ADA2191919624337007050C1 /* Default */ = {
			isa = PBXGroup;
			children = (
				ADA218A319624235007050C1 /* Default-568h@2x.png */,
				ADA218A419624235007050C1 /* Default@2x.png */,
			);
			name = Default;
			sourceTree = "<group>";
		};
		ADA2191A1962434E007050C1 /* Supporting Files */ = {
			isa = PBXGroup;
			children = (
				ADA219221962436D007050C1 /* Location.gpx */,
				ADA2191B1962434E007050C1 /* main.m */,
				ADA2191C1962434E007050C1 /* Search_Params.plist */,
				ADA2191D1962434E007050C1 /* Terrific-Info.plist */,
				ADA2191E1962434E007050C1 /* Terrific-Prefix.pch */,
			);
			path = "Supporting Files";
			sourceTree = "<group>";
		};
		ADA2192419624481007050C1 /* Classes */ = {
			isa = PBXGroup;
			children = (
				ADA2195E1962464C007050C1 /* MPSkewed */,
				ADA2192D19624481007050C1 /* Model */,
				ADA2193019624481007050C1 /* SGAnnotation.h */,
				ADA2193119624481007050C1 /* SGAnnotation.m */,
				ADA2193219624481007050C1 /* SGAppDelegate.h */,
				ADA2193319624481007050C1 /* SGAppDelegate.m */,
				ADA2193419624481007050C1 /* SGConstants.h */,
				ADA2193519624481007050C1 /* SGNetworkManager.h */,
				ADA2193619624481007050C1 /* SGNetworkManager.m */,
				ADA2193719624481007050C1 /* ViewControllers */,
			);
			path = Classes;
			sourceTree = "<group>";
		};
		ADA2192D19624481007050C1 /* Model */ = {
			isa = PBXGroup;
			children = (
				ADA2192E19624481007050C1 /* SGPlace.h */,
				ADA2192F19624481007050C1 /* SGPlace.m */,
			);
			path = Model;
			sourceTree = "<group>";
		};
		ADA2193719624481007050C1 /* ViewControllers */ = {
			isa = PBXGroup;
			children = (
				ADA2193819624481007050C1 /* SGDetailCardViewController.h */,
				ADA2193919624481007050C1 /* SGDetailCardViewController.m */,
				ADA2193A19624481007050C1 /* SGMapViewController.h */,
				ADA2193B19624481007050C1 /* SGMapViewController.m */,
				ADA2193C19624481007050C1 /* SGPlaceDetailsViewController.h */,
				ADA2193D19624481007050C1 /* SGPlaceDetailsViewController.m */,
				ADA2193E19624481007050C1 /* SGPlaceImageViewController.h */,
				ADA2193F19624481007050C1 /* SGPlaceImageViewController.m */,
				ADA2194F196245A0007050C1 /* SGMenuCollectionViewController.h */,
				ADA21950196245A0007050C1 /* SGMenuCollectionViewController.m */,
			);
			path = ViewControllers;
			sourceTree = "<group>";
		};
		ADA2195E1962464C007050C1 /* MPSkewed */ = {
			isa = PBXGroup;
			children = (
				ADA2195F1962464C007050C1 /* MPSkewedCell.h */,
				ADA219601962464C007050C1 /* MPSkewedCell.m */,
				ADA219611962464C007050C1 /* MPSkewedParallaxLayout.h */,
				ADA219621962464C007050C1 /* MPSkewedParallaxLayout.m */,
				ADA219651962464C007050C1 /* UIView+Frame.h */,
				ADA219661962464C007050C1 /* UIView+Frame.m */,
			);
			path = MPSkewed;
			sourceTree = "<group>";
		};
		ADA597B219CCE40A00012489 /* Assets */ = {
			isa = PBXGroup;
			children = (
				ADA597B319CCE40A00012489 /* NotificationBackgroundError.png */,
				ADA597B419CCE40A00012489 /* NotificationBackgroundError@2x.png */,
				ADA597B519CCE40A00012489 /* NotificationBackgroundErrorIcon.png */,
				ADA597B619CCE40A00012489 /* NotificationBackgroundErrorIcon@2x.png */,
				ADA597B719CCE40A00012489 /* NotificationBackgroundMessage.png */,
				ADA597B819CCE40A00012489 /* NotificationBackgroundMessage@2x.png */,
				ADA597B919CCE40A00012489 /* NotificationBackgroundSuccess.png */,
				ADA597BA19CCE40A00012489 /* NotificationBackgroundSuccess@2x.png */,
				ADA597BB19CCE40A00012489 /* NotificationBackgroundSuccessIcon.png */,
				ADA597BC19CCE40A00012489 /* NotificationBackgroundSuccessIcon@2x.png */,
				ADA597BD19CCE40A00012489 /* NotificationBackgroundWarning.png */,
				ADA597BE19CCE40A00012489 /* NotificationBackgroundWarning@2x.png */,
				ADA597BF19CCE40A00012489 /* NotificationBackgroundWarningIcon.png */,
				ADA597C019CCE40A00012489 /* NotificationBackgroundWarningIcon@2x.png */,
				ADA597C119CCE40A00012489 /* NotificationButtonBackground.png */,
				ADA597C219CCE40A00012489 /* NotificationButtonBackground@2x.png */,
				ADA597C319CCE40A00012489 /* TSMessagesDefaultDesign.json */,
			);
			path = Assets;
			sourceTree = "<group>";
		};
		FDC48437154CFBDF0035BB36 = {
			isa = PBXGroup;
			children = (
				ADA2188619624235007050C1 /* Terrific */,
				ADEA5B8F195E0E0000CE20B2 /* GoogleMaps.bundle */,
				AD22A1BD19D368BF00D6695A /* Terrific-Nearby */,
				FDC48445154CFBE00035BB36 /* Frameworks */,
				FDC48443154CFBE00035BB36 /* Products */,
				B0D7DFF6021B4A21BBAA755A /* Pods.xcconfig */,
			);
			indentWidth = 4;
			sourceTree = "<group>";
			tabWidth = 4;
			usesTabs = 0;
		};
		FDC48443154CFBE00035BB36 /* Products */ = {
			isa = PBXGroup;
			children = (
				FDC48442154CFBE00035BB36 /* Terrific.app */,
				AD22A1BA19D368BF00D6695A /* Terrific-Nearby.appex */,
			);
			name = Products;
			sourceTree = "<group>";
		};
		FDC48445154CFBE00035BB36 /* Frameworks */ = {
			isa = PBXGroup;
			children = (
				ADA597D519CCE8CD00012489 /* MapKit.framework */,
				FD8D133315F4C04700A4C749 /* Crashlytics.framework */,
				F98CF40EF0CE46A1BA959525 /* libPods.a */,
				AD22A1BB19D368BF00D6695A /* NotificationCenter.framework */,
			);
			name = Frameworks;
			sourceTree = "<group>";
		};
/* End PBXGroup section */

/* Begin PBXNativeTarget section */
		AD22A1B919D368BF00D6695A /* Terrific-Nearby */ = {
			isa = PBXNativeTarget;
			buildConfigurationList = AD22A1CB19D368BF00D6695A /* Build configuration list for PBXNativeTarget "Terrific-Nearby" */;
			buildPhases = (
				CE80FDA6F551450CAC460235 /* Check Pods Manifest.lock */,
				AD22A1B619D368BF00D6695A /* Sources */,
				AD22A1B719D368BF00D6695A /* Frameworks */,
				AD22A1B819D368BF00D6695A /* Resources */,
				DA15E393C135410AAA908938 /* Copy Pods Resources */,
			);
			buildRules = (
			);
			dependencies = (
			);
			name = "Terrific-Nearby";
			productName = "Terrific-Nearby";
			productReference = AD22A1BA19D368BF00D6695A /* Terrific-Nearby.appex */;
			productType = "com.apple.product-type.app-extension";
		};
		FDC48441154CFBE00035BB36 /* Terrific */ = {
			isa = PBXNativeTarget;
			buildConfigurationList = FDC48460154CFBE00035BB36 /* Build configuration list for PBXNativeTarget "Terrific" */;
			buildPhases = (
				FDC4843E154CFBE00035BB36 /* Sources */,
				FDC4843F154CFBE00035BB36 /* Frameworks */,
				FDC48440154CFBE00035BB36 /* Resources */,
				FD8D133115F4BF0800A4C749 /* ShellScript */,
				FDA52703666443B3B619EA51 /* Warn for TODO and FIXME comments */,
				AD22A1CC19D368BF00D6695A /* Embed App Extensions */,
			);
			buildRules = (
			);
			dependencies = (
				AD22A1C519D368BF00D6695A /* PBXTargetDependency */,
				AD22A1C819D368BF00D6695A /* PBXTargetDependency */,
			);
			name = Terrific;
			productName = SpotAndGo;
			productReference = FDC48442154CFBE00035BB36 /* Terrific.app */;
			productType = "com.apple.product-type.application";
		};
/* End PBXNativeTarget section */

/* Begin PBXProject section */
		FDC48439154CFBDF0035BB36 /* Project object */ = {
			isa = PBXProject;
			attributes = {
				CLASSPREFIX = SG;
				LastUpgradeCheck = 0600;
				TargetAttributes = {
					AD22A1B919D368BF00D6695A = {
						CreatedOnToolsVersion = 6.0;
						DevelopmentTeam = PP6S682Z9F;
						SystemCapabilities = {
							com.apple.ApplicationGroups.iOS = {
								enabled = 1;
							};
						};
					};
					FDC48441154CFBE00035BB36 = {
						DevelopmentTeam = PP6S682Z9F;
						SystemCapabilities = {
							com.apple.ApplicationGroups.iOS = {
								enabled = 1;
							};
							com.apple.Maps.iOS = {
								enabled = 1;
							};
						};
					};
				};
			};
			buildConfigurationList = FDC4843C154CFBDF0035BB36 /* Build configuration list for PBXProject "Terrific" */;
			compatibilityVersion = "Xcode 3.2";
			developmentRegion = English;
			hasScannedForEncodings = 0;
			knownRegions = (
				en,
			);
			mainGroup = FDC48437154CFBDF0035BB36;
			productRefGroup = FDC48443154CFBE00035BB36 /* Products */;
			projectDirPath = "";
			projectRoot = "";
			targets = (
				FDC48441154CFBE00035BB36 /* Terrific */,
				AD22A1B919D368BF00D6695A /* Terrific-Nearby */,
			);
		};
/* End PBXProject section */

/* Begin PBXResourcesBuildPhase section */
		AD22A1B819D368BF00D6695A /* Resources */ = {
			isa = PBXResourcesBuildPhase;
			buildActionMask = 2147483647;
			files = (
				AD22A1C319D368BF00D6695A /* MainInterface.storyboard in Resources */,
			);
			runOnlyForDeploymentPostprocessing = 0;
		};
		FDC48440154CFBE00035BB36 /* Resources */ = {
			isa = PBXResourcesBuildPhase;
			buildActionMask = 2147483647;
			files = (
				ADA597CF19CCE40A00012489 /* NotificationBackgroundWarning@2x.png in Resources */,
				ADA218D219624235007050C1 /* AppIcon60x60@2x.png in Resources */,
				ADA218D619624235007050C1 /* AppIcon76x76@2x.png in Resources */,
				ADA218CB19624235007050C1 /* AppIcon40x40.png in Resources */,
				ADA597D319CCE40A00012489 /* NotificationButtonBackground@2x.png in Resources */,
				ADA219201962434E007050C1 /* Search_Params.plist in Resources */,
				ADA218D719624235007050C1 /* iTunesArtwork.png in Resources */,
				ADA218DA19624235007050C1 /* Default@2x.png in Resources */,
				ADA218CE19624235007050C1 /* AppIcon50x50@2x.png in Resources */,
				ADA597C919CCE40A00012489 /* NotificationBackgroundMessage@2x.png in Resources */,
				ADA597C419CCE40A00012489 /* NotificationBackgroundError.png in Resources */,
				ADA597CD19CCE40A00012489 /* NotificationBackgroundSuccessIcon@2x.png in Resources */,
				ADA597C819CCE40A00012489 /* NotificationBackgroundMessage.png in Resources */,
				ADA597D219CCE40A00012489 /* NotificationButtonBackground.png in Resources */,
				ADA597CE19CCE40A00012489 /* NotificationBackgroundWarning.png in Resources */,
				ADEA5B90195E0E0000CE20B2 /* GoogleMaps.bundle in Resources */,
				ADA218E219624235007050C1 /* Images.xcassets in Resources */,
				ADA218D519624235007050C1 /* AppIcon76x76.png in Resources */,
				ADA218D819624235007050C1 /* iTunesArtwork@2x.png in Resources */,
				ADA597C619CCE40A00012489 /* NotificationBackgroundErrorIcon.png in Resources */,
				ADA218D419624235007050C1 /* AppIcon72x72@2x.png in Resources */,
				ADA218DD19624235007050C1 /* gplaypattern@2X.png in Resources */,
				ADA597D419CCE40A00012489 /* TSMessagesDefaultDesign.json in Resources */,
				ADA597D019CCE40A00012489 /* NotificationBackgroundWarningIcon.png in Resources */,
				ADA597D119CCE40A00012489 /* NotificationBackgroundWarningIcon@2x.png in Resources */,
				ADA218C619624235007050C1 /* MainStoryboard.storyboard in Resources */,
				ADA218DC19624235007050C1 /* gplaypattern.png in Resources */,
				ADA218D919624235007050C1 /* Default-568h@2x.png in Resources */,
				ADA218C919624235007050C1 /* AppIcon29x29.png in Resources */,
				ADA218D019624235007050C1 /* AppIcon57x57@2x.png in Resources */,
				ADA597C719CCE40A00012489 /* NotificationBackgroundErrorIcon@2x.png in Resources */,
				ADA218D319624235007050C1 /* AppIcon72x72.png in Resources */,
				ADA597CB19CCE40A00012489 /* NotificationBackgroundSuccess@2x.png in Resources */,
				ADA218CC19624235007050C1 /* AppIcon40x40@2x.png in Resources */,
				ADA218CD19624235007050C1 /* AppIcon50x50.png in Resources */,
				ADA597C519CCE40A00012489 /* NotificationBackgroundError@2x.png in Resources */,
				ADA219231962436D007050C1 /* Location.gpx in Resources */,
				ADA597CA19CCE40A00012489 /* NotificationBackgroundSuccess.png in Resources */,
				ADA218CA19624235007050C1 /* AppIcon29x29@2x.png in Resources */,
				ADA218D119624235007050C1 /* AppIcon60x60.png in Resources */,
				ADA218CF19624235007050C1 /* AppIcon57x57.png in Resources */,
				ADA597CC19CCE40A00012489 /* NotificationBackgroundSuccessIcon.png in Resources */,
			);
			runOnlyForDeploymentPostprocessing = 0;
		};
/* End PBXResourcesBuildPhase section */

/* Begin PBXShellScriptBuildPhase section */
		CE80FDA6F551450CAC460235 /* Check Pods Manifest.lock */ = {
			isa = PBXShellScriptBuildPhase;
			buildActionMask = 2147483647;
			files = (
			);
			inputPaths = (
			);
			name = "Check Pods Manifest.lock";
			outputPaths = (
			);
			runOnlyForDeploymentPostprocessing = 0;
			shellPath = /bin/sh;
			shellScript = "diff \"${PODS_ROOT}/../Podfile.lock\" \"${PODS_ROOT}/Manifest.lock\" > /dev/null\nif [[ $? != 0 ]] ; then\n    cat << EOM\nerror: The sandbox is not in sync with the Podfile.lock. Run 'pod install' or update your CocoaPods installation.\nEOM\n    exit 1\nfi\n";
			showEnvVarsInLog = 0;
		};
		DA15E393C135410AAA908938 /* Copy Pods Resources */ = {
			isa = PBXShellScriptBuildPhase;
			buildActionMask = 2147483647;
			files = (
			);
			inputPaths = (
			);
			name = "Copy Pods Resources";
			outputPaths = (
			);
			runOnlyForDeploymentPostprocessing = 0;
			shellPath = /bin/sh;
			shellScript = "\"${SRCROOT}/Pods/Pods-resources.sh\"\n";
			showEnvVarsInLog = 0;
		};
		FD8D133115F4BF0800A4C749 /* ShellScript */ = {
			isa = PBXShellScriptBuildPhase;
			buildActionMask = 2147483647;
			files = (
			);
			inputPaths = (
			);
			outputPaths = (
			);
			runOnlyForDeploymentPostprocessing = 0;
			shellPath = /bin/sh;
			shellScript = "./Crashlytics.framework/run ff6f76d45da103570f8070443d1760ea5199fc81";
		};
		FDA52703666443B3B619EA51 /* Warn for TODO and FIXME comments */ = {
			isa = PBXShellScriptBuildPhase;
			buildActionMask = 2147483647;
			files = (
			);
			inputPaths = (
			);
			name = "Warn for TODO and FIXME comments";
			outputPaths = (
			);
			runOnlyForDeploymentPostprocessing = 0;
			shellPath = /bin/sh;
			shellScript = "KEYWORDS=\"TODO:|FIXME:|\\?\\?\\?:|\\!\\!\\!:\"\nFILE_EXTENSIONS=\"h|m|mm|c|cpp\"\nfind -E \"${SRCROOT}\" -ipath \"${SRCROOT}/pods\" -prune -o \\( -regex \".*\\.($FILE_EXTENSIONS)$\" \\) -print0 | xargs -0 egrep --with-filename --line-number --only-matching \"($KEYWORDS).*\\$\" | perl -p -e \"s/($KEYWORDS)/ warning: \\$1/\"\n";
		};
/* End PBXShellScriptBuildPhase section */

/* Begin PBXSourcesBuildPhase section */
		AD22A1B619D368BF00D6695A /* Sources */ = {
			isa = PBXSourcesBuildPhase;
			buildActionMask = 2147483647;
			files = (
				AD39FC2219D36FBF00F7C63C /* SGPlace.m in Sources */,
				AD22A1D419D36BAA00D6695A /* SGNetworkManager.m in Sources */,
				AD22A1C119D368BF00D6695A /* TodayViewController.swift in Sources */,
			);
			runOnlyForDeploymentPostprocessing = 0;
		};
		FDC4843E154CFBE00035BB36 /* Sources */ = {
			isa = PBXSourcesBuildPhase;
			buildActionMask = 2147483647;
			files = (
				ADA2194819624481007050C1 /* SGAppDelegate.m in Sources */,
				ADA2194C19624481007050C1 /* SGPlaceDetailsViewController.m in Sources */,
				ADA2194D19624481007050C1 /* SGPlaceImageViewController.m in Sources */,
				ADA2194719624481007050C1 /* SGAnnotation.m in Sources */,
				ADA2196A1962464C007050C1 /* UIView+Frame.m in Sources */,
				ADA219671962464C007050C1 /* MPSkewedCell.m in Sources */,
				ADA2191F1962434E007050C1 /* main.m in Sources */,
				ADA2194B19624481007050C1 /* SGMapViewController.m in Sources */,
				ADA2194A19624481007050C1 /* SGDetailCardViewController.m in Sources */,
				ADA219681962464C007050C1 /* MPSkewedParallaxLayout.m in Sources */,
				ADA2194619624481007050C1 /* SGPlace.m in Sources */,
				ADA21951196245A0007050C1 /* SGMenuCollectionViewController.m in Sources */,
				ADA2194919624481007050C1 /* SGNetworkManager.m in Sources */,
			);
			runOnlyForDeploymentPostprocessing = 0;
		};
/* End PBXSourcesBuildPhase section */

/* Begin PBXTargetDependency section */
		AD22A1C519D368BF00D6695A /* PBXTargetDependency */ = {
			isa = PBXTargetDependency;
			target = AD22A1B919D368BF00D6695A /* Terrific-Nearby */;
			targetProxy = AD22A1C419D368BF00D6695A /* PBXContainerItemProxy */;
		};
		AD22A1C819D368BF00D6695A /* PBXTargetDependency */ = {
			isa = PBXTargetDependency;
			target = AD22A1B919D368BF00D6695A /* Terrific-Nearby */;
			targetProxy = AD22A1C719D368BF00D6695A /* PBXContainerItemProxy */;
		};
/* End PBXTargetDependency section */

/* Begin PBXVariantGroup section */
		ADA2188B19624235007050C1 /* MainStoryboard.storyboard */ = {
			isa = PBXVariantGroup;
			children = (
				ADA2188C19624235007050C1 /* en */,
			);
			name = MainStoryboard.storyboard;
			sourceTree = "<group>";
		};
/* End PBXVariantGroup section */

/* Begin XCBuildConfiguration section */
		AD22A1C919D368BF00D6695A /* Debug */ = {
			isa = XCBuildConfiguration;
			baseConfigurationReference = B0D7DFF6021B4A21BBAA755A /* Pods.xcconfig */;
			buildSettings = {
				CLANG_CXX_LANGUAGE_STANDARD = "gnu++0x";
				CLANG_CXX_LIBRARY = "libc++";
				CLANG_ENABLE_MODULES = YES;
				CLANG_WARN_DIRECT_OBJC_ISA_USAGE = YES_ERROR;
				CLANG_WARN_OBJC_ROOT_CLASS = YES_ERROR;
				CODE_SIGN_ENTITLEMENTS = "Terrific-Nearby/Terrific-Nearby.entitlements";
				CODE_SIGN_IDENTITY = "iPhone Developer";
				"CODE_SIGN_IDENTITY[sdk=iphoneos*]" = "iPhone Developer";
				EMBEDDED_CONTENT_CONTAINS_SWIFT = YES;
				GCC_PREPROCESSOR_DEFINITIONS = (
					"DEBUG=1",
					"$(inherited)",
				);
				GCC_WARN_ABOUT_RETURN_TYPE = YES_ERROR;
				GCC_WARN_UNINITIALIZED_AUTOS = YES_AGGRESSIVE;
				INFOPLIST_FILE = "Terrific-Nearby/Info.plist";
				IPHONEOS_DEPLOYMENT_TARGET = 8.0;
				LD_RUNPATH_SEARCH_PATHS = "$(inherited) @executable_path/Frameworks @executable_path/../../Frameworks";
				MTL_ENABLE_DEBUG_INFO = YES;
				PRODUCT_NAME = "$(TARGET_NAME)";
				PROVISIONING_PROFILE = "";
				SKIP_INSTALL = YES;
				SWIFT_OBJC_BRIDGING_HEADER = "Terrific-Nearby/Terrific-Nearby-Bridging-Header.h";
				SWIFT_OPTIMIZATION_LEVEL = "-Onone";
			};
			name = Debug;
		};
		AD22A1CA19D368BF00D6695A /* Release */ = {
			isa = XCBuildConfiguration;
			baseConfigurationReference = B0D7DFF6021B4A21BBAA755A /* Pods.xcconfig */;
			buildSettings = {
				CLANG_CXX_LANGUAGE_STANDARD = "gnu++0x";
				CLANG_CXX_LIBRARY = "libc++";
				CLANG_ENABLE_MODULES = YES;
				CLANG_WARN_DIRECT_OBJC_ISA_USAGE = YES_ERROR;
				CLANG_WARN_OBJC_ROOT_CLASS = YES_ERROR;
				CODE_SIGN_ENTITLEMENTS = "Terrific-Nearby/Terrific-Nearby.entitlements";
				CODE_SIGN_IDENTITY = "iPhone Developer";
				"CODE_SIGN_IDENTITY[sdk=iphoneos*]" = "iPhone Developer";
				EMBEDDED_CONTENT_CONTAINS_SWIFT = YES;
				ENABLE_NS_ASSERTIONS = NO;
				GCC_WARN_ABOUT_RETURN_TYPE = YES_ERROR;
				GCC_WARN_UNINITIALIZED_AUTOS = YES_AGGRESSIVE;
				INFOPLIST_FILE = "Terrific-Nearby/Info.plist";
				IPHONEOS_DEPLOYMENT_TARGET = 8.0;
				LD_RUNPATH_SEARCH_PATHS = "$(inherited) @executable_path/Frameworks @executable_path/../../Frameworks";
				MTL_ENABLE_DEBUG_INFO = NO;
				PRODUCT_NAME = "$(TARGET_NAME)";
				PROVISIONING_PROFILE = "";
				SKIP_INSTALL = YES;
				SWIFT_OBJC_BRIDGING_HEADER = "Terrific-Nearby/Terrific-Nearby-Bridging-Header.h";
			};
			name = Release;
		};
		FDC4845E154CFBE00035BB36 /* Debug */ = {
			isa = XCBuildConfiguration;
			buildSettings = {
				ALWAYS_SEARCH_USER_PATHS = NO;
				CLANG_ENABLE_MODULES = YES;
				CLANG_ENABLE_OBJC_ARC = YES;
				CLANG_WARN_BOOL_CONVERSION = YES;
				CLANG_WARN_CONSTANT_CONVERSION = YES;
				CLANG_WARN_DEPRECATED_OBJC_IMPLEMENTATIONS = YES;
				CLANG_WARN_EMPTY_BODY = YES;
				CLANG_WARN_ENUM_CONVERSION = YES;
				CLANG_WARN_INT_CONVERSION = YES;
				CLANG_WARN_OBJC_IMPLICIT_RETAIN_SELF = YES;
				CLANG_WARN_UNREACHABLE_CODE = YES;
				CLANG_WARN__DUPLICATE_METHOD_MATCH = YES;
				CODE_SIGN_IDENTITY = "iPhone Developer: Christopher Truman (XL8C53TT76)";
				"CODE_SIGN_IDENTITY[sdk=iphoneos*]" = "iPhone Developer: Christopher Truman (XL8C53TT76)";
				COPY_PHASE_STRIP = NO;
				ENABLE_STRICT_OBJC_MSGSEND = YES;
				GCC_C_LANGUAGE_STANDARD = gnu99;
				GCC_DYNAMIC_NO_PIC = NO;
				GCC_OPTIMIZATION_LEVEL = 0;
				GCC_PREPROCESSOR_DEFINITIONS = (
					"DEBUG=1",
					"$(inherited)",
				);
				GCC_SYMBOLS_PRIVATE_EXTERN = NO;
				GCC_VERSION = com.apple.compilers.llvm.clang.1_0;
				GCC_WARN_64_TO_32_BIT_CONVERSION = YES;
				GCC_WARN_ABOUT_MISSING_FIELD_INITIALIZERS = YES;
				GCC_WARN_ABOUT_MISSING_NEWLINE = YES;
				GCC_WARN_ABOUT_RETURN_TYPE = YES;
				GCC_WARN_CHECK_SWITCH_STATEMENTS = YES;
				GCC_WARN_INITIALIZER_NOT_FULLY_BRACKETED = YES;
				GCC_WARN_MISSING_PARENTHESES = YES;
				GCC_WARN_SHADOW = YES;
				GCC_WARN_SIGN_COMPARE = YES;
				GCC_WARN_TYPECHECK_CALLS_TO_PRINTF = YES;
				GCC_WARN_UNDECLARED_SELECTOR = YES;
				GCC_WARN_UNINITIALIZED_AUTOS = YES;
				GCC_WARN_UNUSED_FUNCTION = YES;
				GCC_WARN_UNUSED_LABEL = YES;
				GCC_WARN_UNUSED_VALUE = YES;
				GCC_WARN_UNUSED_VARIABLE = YES;
				IPHONEOS_DEPLOYMENT_TARGET = 8.0;
				ONLY_ACTIVE_ARCH = YES;
				SDKROOT = iphoneos;
			};
			name = Debug;
		};
		FDC4845F154CFBE00035BB36 /* Release */ = {
			isa = XCBuildConfiguration;
			buildSettings = {
				ALWAYS_SEARCH_USER_PATHS = NO;
				CLANG_ENABLE_MODULES = YES;
				CLANG_ENABLE_OBJC_ARC = YES;
				CLANG_WARN_BOOL_CONVERSION = YES;
				CLANG_WARN_CONSTANT_CONVERSION = YES;
				CLANG_WARN_DEPRECATED_OBJC_IMPLEMENTATIONS = YES;
				CLANG_WARN_EMPTY_BODY = YES;
				CLANG_WARN_ENUM_CONVERSION = YES;
				CLANG_WARN_INT_CONVERSION = YES;
				CLANG_WARN_OBJC_IMPLICIT_RETAIN_SELF = YES;
				CLANG_WARN_UNREACHABLE_CODE = YES;
				CLANG_WARN__DUPLICATE_METHOD_MATCH = YES;
				CODE_SIGN_IDENTITY = "iPhone Distribution: Azusa Pacific University (Computer Science) (PP6S682Z9F)";
				"CODE_SIGN_IDENTITY[sdk=iphoneos*]" = "iPhone Distribution: Azusa Pacific University (Computer Science) (PP6S682Z9F)";
				COPY_PHASE_STRIP = YES;
				ENABLE_STRICT_OBJC_MSGSEND = YES;
				GCC_C_LANGUAGE_STANDARD = gnu99;
				GCC_VERSION = com.apple.compilers.llvm.clang.1_0;
				GCC_WARN_64_TO_32_BIT_CONVERSION = YES;
				GCC_WARN_ABOUT_MISSING_FIELD_INITIALIZERS = YES;
				GCC_WARN_ABOUT_MISSING_NEWLINE = YES;
				GCC_WARN_ABOUT_RETURN_TYPE = YES;
				GCC_WARN_CHECK_SWITCH_STATEMENTS = YES;
				GCC_WARN_INITIALIZER_NOT_FULLY_BRACKETED = YES;
				GCC_WARN_MISSING_PARENTHESES = YES;
				GCC_WARN_SHADOW = YES;
				GCC_WARN_SIGN_COMPARE = YES;
				GCC_WARN_TYPECHECK_CALLS_TO_PRINTF = YES;
				GCC_WARN_UNDECLARED_SELECTOR = YES;
				GCC_WARN_UNINITIALIZED_AUTOS = YES;
				GCC_WARN_UNUSED_FUNCTION = YES;
				GCC_WARN_UNUSED_LABEL = YES;
				GCC_WARN_UNUSED_VALUE = YES;
				GCC_WARN_UNUSED_VARIABLE = YES;
				IPHONEOS_DEPLOYMENT_TARGET = 8.0;
				ONLY_ACTIVE_ARCH = YES;
				OTHER_CFLAGS = "-DNS_BLOCK_ASSERTIONS=1";
				SDKROOT = iphoneos;
				VALIDATE_PRODUCT = YES;
			};
			name = Release;
		};
		FDC48461154CFBE00035BB36 /* Debug */ = {
			isa = XCBuildConfiguration;
			baseConfigurationReference = B0D7DFF6021B4A21BBAA755A /* Pods.xcconfig */;
			buildSettings = {
				ASSETCATALOG_COMPILER_APPICON_NAME = AppIcon;
				ASSETCATALOG_COMPILER_LAUNCHIMAGE_NAME = LaunchImage;
				CLANG_ENABLE_MODULES = YES;
				CODE_SIGN_ENTITLEMENTS = Terrific/Terrific.entitlements;
				CODE_SIGN_IDENTITY = "iPhone Developer";
				"CODE_SIGN_IDENTITY[sdk=iphoneos*]" = "iPhone Developer";
				EMBEDDED_CONTENT_CONTAINS_SWIFT = YES;
				FRAMEWORK_SEARCH_PATHS = (
					"$(inherited)",
					"\"$(SRCROOT)\"",
				);
				GCC_PRECOMPILE_PREFIX_HEADER = YES;
				GCC_PREFIX_HEADER = "Terrific/Supporting Files/Terrific-Prefix.pch";
				INFOPLIST_FILE = "Terrific/Supporting Files/Terrific-Info.plist";
				IPHONEOS_DEPLOYMENT_TARGET = 8.0;
				LIBRARY_SEARCH_PATHS = (
					"$(inherited)",
					"\"$(SRCROOT)\"",
				);
				PRODUCT_NAME = Terrific;
				PROVISIONING_PROFILE = "";
				"PROVISIONING_PROFILE[sdk=iphoneos*]" = "826EEB4F-B56B-4764-9124-0036AB95AA26";
				VALID_ARCHS = "$(ARCHS_STANDARD)";
				WRAPPER_EXTENSION = app;
			};
			name = Debug;
		};
		FDC48462154CFBE00035BB36 /* Release */ = {
			isa = XCBuildConfiguration;
			baseConfigurationReference = B0D7DFF6021B4A21BBAA755A /* Pods.xcconfig */;
			buildSettings = {
				ASSETCATALOG_COMPILER_APPICON_NAME = AppIcon;
				ASSETCATALOG_COMPILER_LAUNCHIMAGE_NAME = LaunchImage;
				CLANG_ENABLE_MODULES = YES;
				CODE_SIGN_ENTITLEMENTS = Terrific/Terrific.entitlements;
				CODE_SIGN_IDENTITY = "iPhone Developer";
				"CODE_SIGN_IDENTITY[sdk=iphoneos*]" = "iPhone Developer";
				EMBEDDED_CONTENT_CONTAINS_SWIFT = YES;
				FRAMEWORK_SEARCH_PATHS = (
					"$(inherited)",
					"\"$(SRCROOT)\"",
				);
				GCC_PRECOMPILE_PREFIX_HEADER = YES;
				GCC_PREFIX_HEADER = "Terrific/Supporting Files/Terrific-Prefix.pch";
				GCC_TREAT_WARNINGS_AS_ERRORS = YES;
				INFOPLIST_FILE = "Terrific/Supporting Files/Terrific-Info.plist";
				IPHONEOS_DEPLOYMENT_TARGET = 8.0;
				LIBRARY_SEARCH_PATHS = (
					"$(inherited)",
					"\"$(SRCROOT)\"",
				);
				PRODUCT_NAME = Terrific;
				PROVISIONING_PROFILE = "";
				"PROVISIONING_PROFILE[sdk=iphoneos*]" = "544EC413-FF8D-4602-9A36-D36A9AB4BB60";
				VALID_ARCHS = "$(ARCHS_STANDARD)";
				WRAPPER_EXTENSION = app;
			};
			name = Release;
		};
/* End XCBuildConfiguration section */

/* Begin XCConfigurationList section */
		AD22A1CB19D368BF00D6695A /* Build configuration list for PBXNativeTarget "Terrific-Nearby" */ = {
			isa = XCConfigurationList;
			buildConfigurations = (
				AD22A1C919D368BF00D6695A /* Debug */,
				AD22A1CA19D368BF00D6695A /* Release */,
			);
			defaultConfigurationIsVisible = 0;
			defaultConfigurationName = Release;
		};
		FDC4843C154CFBDF0035BB36 /* Build configuration list for PBXProject "Terrific" */ = {
			isa = XCConfigurationList;
			buildConfigurations = (
				FDC4845E154CFBE00035BB36 /* Debug */,
				FDC4845F154CFBE00035BB36 /* Release */,
			);
			defaultConfigurationIsVisible = 0;
			defaultConfigurationName = Release;
		};
		FDC48460154CFBE00035BB36 /* Build configuration list for PBXNativeTarget "Terrific" */ = {
			isa = XCConfigurationList;
			buildConfigurations = (
				FDC48461154CFBE00035BB36 /* Debug */,
				FDC48462154CFBE00035BB36 /* Release */,
			);
			defaultConfigurationIsVisible = 0;
			defaultConfigurationName = Release;
		};
/* End XCConfigurationList section */
	};
	rootObject = FDC48439154CFBDF0035BB36 /* Project object */;
}
