// !$*UTF8*$!
{
	archiveVersion = 1;
	classes = {
	};
	objectVersion = 46;
	objects = {

/* Begin PBXBuildFile section */
		FD537FCE15F1FB4D0016447B /* MPAnimation.m in Sources */ = {isa = PBXBuildFile; fileRef = FD537FC515F1FB4D0016447B /* MPAnimation.m */; };
		FD537FCF15F1FB4D0016447B /* MPFlipTransition.m in Sources */ = {isa = PBXBuildFile; fileRef = FD537FC815F1FB4D0016447B /* MPFlipTransition.m */; };
		FD537FD015F1FB4D0016447B /* MPFlipViewController.m in Sources */ = {isa = PBXBuildFile; fileRef = FD537FCA15F1FB4D0016447B /* MPFlipViewController.m */; };
		FD537FD115F1FB4D0016447B /* MPTransition.m in Sources */ = {isa = PBXBuildFile; fileRef = FD537FCC15F1FB4D0016447B /* MPTransition.m */; };
		FD537FD615F1FB6A0016447B /* RCLocationManager.m in Sources */ = {isa = PBXBuildFile; fileRef = FD537FD515F1FB6A0016447B /* RCLocationManager.m */; };
		FD53800415F1FBB90016447B /* NICommonMetrics.m in Sources */ = {isa = PBXBuildFile; fileRef = FD537FDA15F1FBB90016447B /* NICommonMetrics.m */; };
		FD53800515F1FBB90016447B /* NIDataStructures.m in Sources */ = {isa = PBXBuildFile; fileRef = FD537FDC15F1FBB90016447B /* NIDataStructures.m */; };
		FD53800615F1FBB90016447B /* NIDebuggingTools.m in Sources */ = {isa = PBXBuildFile; fileRef = FD537FDE15F1FBB90016447B /* NIDebuggingTools.m */; };
		FD53800715F1FBB90016447B /* NIDeviceOrientation.m in Sources */ = {isa = PBXBuildFile; fileRef = FD537FE015F1FBB90016447B /* NIDeviceOrientation.m */; };
		FD53800815F1FBB90016447B /* NIError.m in Sources */ = {isa = PBXBuildFile; fileRef = FD537FE215F1FBB90016447B /* NIError.m */; };
		FD53800915F1FBB90016447B /* NIFoundationMethods.m in Sources */ = {isa = PBXBuildFile; fileRef = FD537FE415F1FBB90016447B /* NIFoundationMethods.m */; };
		FD53800A15F1FBB90016447B /* NIInMemoryCache.m in Sources */ = {isa = PBXBuildFile; fileRef = FD537FE615F1FBB90016447B /* NIInMemoryCache.m */; };
		FD53800B15F1FBB90016447B /* NINavigationAppearance.m in Sources */ = {isa = PBXBuildFile; fileRef = FD537FEB15F1FBB90016447B /* NINavigationAppearance.m */; };
		FD53800C15F1FBB90016447B /* NINetworkActivity.m in Sources */ = {isa = PBXBuildFile; fileRef = FD537FED15F1FBB90016447B /* NINetworkActivity.m */; };
		FD53800D15F1FBB90016447B /* NINonEmptyCollectionTesting.m in Sources */ = {isa = PBXBuildFile; fileRef = FD537FEF15F1FBB90016447B /* NINonEmptyCollectionTesting.m */; };
		FD53800E15F1FBB90016447B /* NINonRetainingCollections.m in Sources */ = {isa = PBXBuildFile; fileRef = FD537FF115F1FBB90016447B /* NINonRetainingCollections.m */; };
		FD53800F15F1FBB90016447B /* NIOperations.m in Sources */ = {isa = PBXBuildFile; fileRef = FD537FF315F1FBB90016447B /* NIOperations.m */; };
		FD53801015F1FBB90016447B /* NIPaths.m in Sources */ = {isa = PBXBuildFile; fileRef = FD537FF615F1FBB90016447B /* NIPaths.m */; };
		FD53801115F1FBB90016447B /* NIRuntimeClassModifications.m in Sources */ = {isa = PBXBuildFile; fileRef = FD537FF915F1FBB90016447B /* NIRuntimeClassModifications.m */; };
		FD53801215F1FBB90016447B /* NISDKAvailability.m in Sources */ = {isa = PBXBuildFile; fileRef = FD537FFB15F1FBB90016447B /* NISDKAvailability.m */; };
		FD53801315F1FBB90016447B /* NISnapshotRotation.m in Sources */ = {isa = PBXBuildFile; fileRef = FD537FFD15F1FBB90016447B /* NISnapshotRotation.m */; };
		FD53801415F1FBB90016447B /* NIState.m in Sources */ = {isa = PBXBuildFile; fileRef = FD537FFF15F1FBB90016447B /* NIState.m */; };
		FD53801515F1FBB90016447B /* NIViewRecycler.m in Sources */ = {isa = PBXBuildFile; fileRef = FD53800115F1FBB90016447B /* NIViewRecycler.m */; };
		FD53801615F1FBB90016447B /* NSString+NimbusCore.m in Sources */ = {isa = PBXBuildFile; fileRef = FD53800315F1FBB90016447B /* NSString+NimbusCore.m */; };
		FD53801E15F1FBF90016447B /* NIImageProcessing.m in Sources */ = {isa = PBXBuildFile; fileRef = FD53801915F1FBF90016447B /* NIImageProcessing.m */; };
		FD53801F15F1FBF90016447B /* NINetworkImageView.m in Sources */ = {isa = PBXBuildFile; fileRef = FD53801D15F1FBF90016447B /* NINetworkImageView.m */; };
		FD53802715F1FC530016447B /* NIAttributedLabel.m in Sources */ = {isa = PBXBuildFile; fileRef = FD53802215F1FC530016447B /* NIAttributedLabel.m */; };
		FD53802815F1FC530016447B /* NSMutableAttributedString+NimbusAttributedLabel.m in Sources */ = {isa = PBXBuildFile; fileRef = FD53802615F1FC530016447B /* NSMutableAttributedString+NimbusAttributedLabel.m */; };
		FD53807815F201F00016447B /* AFHTTPClient.m in Sources */ = {isa = PBXBuildFile; fileRef = FD53802D15F201F00016447B /* AFHTTPClient.m */; settings = {COMPILER_FLAGS = "-fno-objc-arc"; }; };
		FD53807915F201F00016447B /* AFHTTPRequestOperation.m in Sources */ = {isa = PBXBuildFile; fileRef = FD53802F15F201F00016447B /* AFHTTPRequestOperation.m */; settings = {COMPILER_FLAGS = "-fno-objc-arc"; }; };
		FD53807A15F201F00016447B /* AFImageRequestOperation.m in Sources */ = {isa = PBXBuildFile; fileRef = FD53803115F201F00016447B /* AFImageRequestOperation.m */; settings = {COMPILER_FLAGS = "-fno-objc-arc"; }; };
		FD53807B15F201F00016447B /* AFJSONRequestOperation.m in Sources */ = {isa = PBXBuildFile; fileRef = FD53803315F201F00016447B /* AFJSONRequestOperation.m */; settings = {COMPILER_FLAGS = "-fno-objc-arc"; }; };
		FD53807C15F201F00016447B /* AFJSONUtilities.m in Sources */ = {isa = PBXBuildFile; fileRef = FD53803515F201F00016447B /* AFJSONUtilities.m */; settings = {COMPILER_FLAGS = "-fno-objc-arc"; }; };
		FD53807D15F201F00016447B /* AFNetworkActivityIndicatorManager.m in Sources */ = {isa = PBXBuildFile; fileRef = FD53803715F201F00016447B /* AFNetworkActivityIndicatorManager.m */; settings = {COMPILER_FLAGS = "-fno-objc-arc"; }; };
		FD53807E15F201F00016447B /* AFPropertyListRequestOperation.m in Sources */ = {isa = PBXBuildFile; fileRef = FD53803A15F201F00016447B /* AFPropertyListRequestOperation.m */; settings = {COMPILER_FLAGS = "-fno-objc-arc"; }; };
		FD53807F15F201F00016447B /* AFURLConnectionOperation.m in Sources */ = {isa = PBXBuildFile; fileRef = FD53803C15F201F00016447B /* AFURLConnectionOperation.m */; settings = {COMPILER_FLAGS = "-fno-objc-arc"; }; };
		FD53808015F201F00016447B /* AFXMLRequestOperation.m in Sources */ = {isa = PBXBuildFile; fileRef = FD53803E15F201F00016447B /* AFXMLRequestOperation.m */; settings = {COMPILER_FLAGS = "-fno-objc-arc"; }; };
		FD53808115F201F00016447B /* UIImageView+AFNetworking.m in Sources */ = {isa = PBXBuildFile; fileRef = FD53804015F201F00016447B /* UIImageView+AFNetworking.m */; settings = {COMPILER_FLAGS = "-fno-objc-arc"; }; };
		FD53809815F201F00016447B /* CHANGELOG.md in Resources */ = {isa = PBXBuildFile; fileRef = FD53806C15F201F00016447B /* CHANGELOG.md */; };
		FD53809915F201F00016447B /* JSONKit.m in Sources */ = {isa = PBXBuildFile; fileRef = FD53806E15F201F00016447B /* JSONKit.m */; settings = {COMPILER_FLAGS = "-fno-objc-arc"; }; };
		FD53809A15F201F00016447B /* README.md in Resources */ = {isa = PBXBuildFile; fileRef = FD53806F15F201F00016447B /* README.md */; };
		FD5380A215F205910016447B /* SGDetailCardViewController.m in Sources */ = {isa = PBXBuildFile; fileRef = FD5380A115F205900016447B /* SGDetailCardViewController.m */; };
		FD5380AA15F210470016447B /* SGPlace.m in Sources */ = {isa = PBXBuildFile; fileRef = FD5380A915F210470016447B /* SGPlace.m */; };
		FD5380AE15F211510016447B /* SGNetworkManager.m in Sources */ = {isa = PBXBuildFile; fileRef = FD5380AD15F211510016447B /* SGNetworkManager.m */; };
		FD5380B215F217990016447B /* SGPlaceImageViewController.m in Sources */ = {isa = PBXBuildFile; fileRef = FD5380B115F217990016447B /* SGPlaceImageViewController.m */; };
		FD5380BE15F221ED0016447B /* DCCrossHairView.m in Sources */ = {isa = PBXBuildFile; fileRef = FD5380B615F221ED0016447B /* DCCrossHairView.m */; settings = {COMPILER_FLAGS = "-fno-objc-arc"; }; };
		FD5380BF15F221ED0016447B /* DCFrameView.m in Sources */ = {isa = PBXBuildFile; fileRef = FD5380B815F221ED0016447B /* DCFrameView.m */; settings = {COMPILER_FLAGS = "-fno-objc-arc"; }; };
		FD5380C015F221ED0016447B /* DCIntrospect.m in Sources */ = {isa = PBXBuildFile; fileRef = FD5380BA15F221ED0016447B /* DCIntrospect.m */; settings = {COMPILER_FLAGS = "-fno-objc-arc"; }; };
		FD5380C115F221ED0016447B /* DCStatusBarOverlay.m in Sources */ = {isa = PBXBuildFile; fileRef = FD5380BD15F221ED0016447B /* DCStatusBarOverlay.m */; settings = {COMPILER_FLAGS = "-fno-objc-arc"; }; };
		FD8D133415F4C04700A4C749 /* Crashlytics.framework in Frameworks */ = {isa = PBXBuildFile; fileRef = FD8D133315F4C04700A4C749 /* Crashlytics.framework */; };
		FD8D60C8154F471B00F4B326 /* libTestFlight.a in Frameworks */ = {isa = PBXBuildFile; fileRef = FD8D60C7154F471B00F4B326 /* libTestFlight.a */; };
		FD8D60CB154F4A6200F4B326 /* libz.1.2.5.dylib in Frameworks */ = {isa = PBXBuildFile; fileRef = FD8D60CA154F4A6200F4B326 /* libz.1.2.5.dylib */; };
		FD8D610D15505A6600F4B326 /* libFlurryAnalytics.a in Frameworks */ = {isa = PBXBuildFile; fileRef = FD8D610C15505A6600F4B326 /* libFlurryAnalytics.a */; };
		FD8D61171550A4A900F4B326 /* OpenUDID.m in Sources */ = {isa = PBXBuildFile; fileRef = FD8D61151550A4A900F4B326 /* OpenUDID.m */; settings = {COMPILER_FLAGS = "-fno-objc-arc"; }; };
		FD8D61181550A4A900F4B326 /* README.md in Resources */ = {isa = PBXBuildFile; fileRef = FD8D61161550A4A900F4B326 /* README.md */; };
		FD8D61291550A5BE00F4B326 /* MPCJSONDataSerializer.m in Sources */ = {isa = PBXBuildFile; fileRef = FD8D611D1550A5BE00F4B326 /* MPCJSONDataSerializer.m */; settings = {COMPILER_FLAGS = "-fno-objc-arc"; }; };
		FD8D612A1550A5BE00F4B326 /* MPCJSONSerializer.m in Sources */ = {isa = PBXBuildFile; fileRef = FD8D611F1550A5BE00F4B326 /* MPCJSONSerializer.m */; settings = {COMPILER_FLAGS = "-fno-objc-arc"; }; };
		FD8D612B1550A5BE00F4B326 /* MPCSerializedJSONData.m in Sources */ = {isa = PBXBuildFile; fileRef = FD8D61211550A5BE00F4B326 /* MPCSerializedJSONData.m */; settings = {COMPILER_FLAGS = "-fno-objc-arc"; }; };
		FD8D612C1550A5BE00F4B326 /* NSData+MPBase64.m in Sources */ = {isa = PBXBuildFile; fileRef = FD8D61241550A5BE00F4B326 /* NSData+MPBase64.m */; settings = {COMPILER_FLAGS = "-fno-objc-arc"; }; };
		FD8D612D1550A5BE00F4B326 /* MixpanelAPI.m in Sources */ = {isa = PBXBuildFile; fileRef = FD8D61261550A5BE00F4B326 /* MixpanelAPI.m */; settings = {COMPILER_FLAGS = "-fno-objc-arc"; }; };
		FD8D612E1550A5BE00F4B326 /* MixpanelEvent.m in Sources */ = {isa = PBXBuildFile; fileRef = FD8D61281550A5BE00F4B326 /* MixpanelEvent.m */; settings = {COMPILER_FLAGS = "-fno-objc-arc"; }; };
		FD8D61341550AAFE00F4B326 /* libGoogleAnalytics.a in Frameworks */ = {isa = PBXBuildFile; fileRef = FD8D61321550AAFE00F4B326 /* libGoogleAnalytics.a */; };
		FD8D61351550AAFE00F4B326 /* libGoogleAnalytics_NoThumb.a in Frameworks */ = {isa = PBXBuildFile; fileRef = FD8D61331550AAFE00F4B326 /* libGoogleAnalytics_NoThumb.a */; };
		FD8D61371550ACAF00F4B326 /* libsqlite3.0.dylib in Frameworks */ = {isa = PBXBuildFile; fileRef = FD8D61361550ACAF00F4B326 /* libsqlite3.0.dylib */; };
		FD8D61391550ACBA00F4B326 /* CFNetwork.framework in Frameworks */ = {isa = PBXBuildFile; fileRef = FD8D61381550ACBA00F4B326 /* CFNetwork.framework */; };
		FD8D61FA1551F86E00F4B326 /* CoreText.framework in Frameworks */ = {isa = PBXBuildFile; fileRef = FD8D61F91551F86E00F4B326 /* CoreText.framework */; };
		FD8FA61615F4871D000ECBEC /* SGPlaceDetailsViewController.m in Sources */ = {isa = PBXBuildFile; fileRef = FD8FA61515F4871D000ECBEC /* SGPlaceDetailsViewController.m */; };
		FD8FA61915F49B0C000ECBEC /* AddressBook.framework in Frameworks */ = {isa = PBXBuildFile; fileRef = FD8FA61815F49B0C000ECBEC /* AddressBook.framework */; };
		FDB3FFF615F72F8A0003CC60 /* .gitattributes in Resources */ = {isa = PBXBuildFile; fileRef = FDB3FFF015F72F8A0003CC60 /* .gitattributes */; };
		FDB3FFF715F72F8A0003CC60 /* Countly.m in Sources */ = {isa = PBXBuildFile; fileRef = FDB3FFF215F72F8A0003CC60 /* Countly.m */; settings = {COMPILER_FLAGS = "-fno-objc-arc"; }; };
		FDB3FFF815F72F8A0003CC60 /* Countly_OpenUDID.m in Sources */ = {isa = PBXBuildFile; fileRef = FDB3FFF415F72F8A0003CC60 /* Countly_OpenUDID.m */; settings = {COMPILER_FLAGS = "-fno-objc-arc"; }; };
		FDB3FFF915F72F8A0003CC60 /* README.md in Resources */ = {isa = PBXBuildFile; fileRef = FDB3FFF515F72F8A0003CC60 /* README.md */; };
		FDB3FFFC15F72FBD0003CC60 /* CoreTelephony.framework in Frameworks */ = {isa = PBXBuildFile; fileRef = FDB3FFFB15F72FBD0003CC60 /* CoreTelephony.framework */; };
		FDC48447154CFBE00035BB36 /* UIKit.framework in Frameworks */ = {isa = PBXBuildFile; fileRef = FDC48446154CFBE00035BB36 /* UIKit.framework */; };
		FDC48449154CFBE00035BB36 /* Foundation.framework in Frameworks */ = {isa = PBXBuildFile; fileRef = FDC48448154CFBE00035BB36 /* Foundation.framework */; };
		FDC4844B154CFBE00035BB36 /* CoreGraphics.framework in Frameworks */ = {isa = PBXBuildFile; fileRef = FDC4844A154CFBE00035BB36 /* CoreGraphics.framework */; };
		FDC48453154CFBE00035BB36 /* main.m in Sources */ = {isa = PBXBuildFile; fileRef = FDC48452154CFBE00035BB36 /* main.m */; };
		FDC48457154CFBE00035BB36 /* SGAppDelegate.m in Sources */ = {isa = PBXBuildFile; fileRef = FDC48456154CFBE00035BB36 /* SGAppDelegate.m */; };
		FDC4845A154CFBE00035BB36 /* MainStoryboard.storyboard in Resources */ = {isa = PBXBuildFile; fileRef = FDC48458154CFBE00035BB36 /* MainStoryboard.storyboard */; };
		FDC4845D154CFBE00035BB36 /* SGViewController.m in Sources */ = {isa = PBXBuildFile; fileRef = FDC4845C154CFBE00035BB36 /* SGViewController.m */; };
		FDC48473154CFD530035BB36 /* SGMapViewController.m in Sources */ = {isa = PBXBuildFile; fileRef = FDC48472154CFD530035BB36 /* SGMapViewController.m */; };
		FDC48475154CFD970035BB36 /* MapKit.framework in Frameworks */ = {isa = PBXBuildFile; fileRef = FDC48474154CFD970035BB36 /* MapKit.framework */; };
		FDC484B2154D02FF0035BB36 /* SVHTTPClient.m in Sources */ = {isa = PBXBuildFile; fileRef = FDC4849A154D02FF0035BB36 /* SVHTTPClient.m */; };
		FDC484B3154D02FF0035BB36 /* SVHTTPRequest.m in Sources */ = {isa = PBXBuildFile; fileRef = FDC4849C154D02FF0035BB36 /* SVHTTPRequest.m */; };
		FDC484C6154D09970035BB36 /* CoreLocation.framework in Frameworks */ = {isa = PBXBuildFile; fileRef = FDC484C5154D09970035BB36 /* CoreLocation.framework */; };
		FDC484C9154D0EE10035BB36 /* navbar.png in Resources */ = {isa = PBXBuildFile; fileRef = FDC484C7154D0EE10035BB36 /* navbar.png */; };
		FDC484CA154D0EE10035BB36 /* navbar@2x.png in Resources */ = {isa = PBXBuildFile; fileRef = FDC484C8154D0EE10035BB36 /* navbar@2x.png */; };
		FDC484D3154D16D60035BB36 /* QuartzCore.framework in Frameworks */ = {isa = PBXBuildFile; fileRef = FDC484D2154D16D60035BB36 /* QuartzCore.framework */; };
		FDC484DE154D447C0035BB36 /* SGAnnotation.m in Sources */ = {isa = PBXBuildFile; fileRef = FDC484DD154D43C40035BB36 /* SGAnnotation.m */; };
		FDC48528154DCCA50035BB36 /* postscreen_location_placeholder.png in Resources */ = {isa = PBXBuildFile; fileRef = FDC48527154DCCA50035BB36 /* postscreen_location_placeholder.png */; };
		FDC4852A154DD6A60035BB36 /* gplaypattern.png in Resources */ = {isa = PBXBuildFile; fileRef = FDC48529154DD6A60035BB36 /* gplaypattern.png */; };
		FDC4852C154DDF7E0035BB36 /* Default@2x.png in Resources */ = {isa = PBXBuildFile; fileRef = FDC4852B154DDF7E0035BB36 /* Default@2x.png */; };
		FDC4852E154DE08E0035BB36 /* spotgo_logo@2x.png in Resources */ = {isa = PBXBuildFile; fileRef = FDC4852D154DE08E0035BB36 /* spotgo_logo@2x.png */; };
		FDC48533154DE3500035BB36 /* eat.png in Resources */ = {isa = PBXBuildFile; fileRef = FDC4852F154DE34F0035BB36 /* eat.png */; };
		FDC48534154DE3500035BB36 /* play.png in Resources */ = {isa = PBXBuildFile; fileRef = FDC48530154DE34F0035BB36 /* play.png */; };
		FDC48535154DE3500035BB36 /* shop.png in Resources */ = {isa = PBXBuildFile; fileRef = FDC48531154DE34F0035BB36 /* shop.png */; };
		FDC48536154DE3500035BB36 /* watch.png in Resources */ = {isa = PBXBuildFile; fileRef = FDC48532154DE3500035BB36 /* watch.png */; };
		FDC48539154DE4A90035BB36 /* logo.png in Resources */ = {isa = PBXBuildFile; fileRef = FDC48537154DE4A80035BB36 /* logo.png */; };
		FDC4853A154DE4A90035BB36 /* logo@2x.png in Resources */ = {isa = PBXBuildFile; fileRef = FDC48538154DE4A90035BB36 /* logo@2x.png */; };
		FDC4853C154DEFAA0035BB36 /* Icon@2x.png in Resources */ = {isa = PBXBuildFile; fileRef = FDC4853B154DEFA90035BB36 /* Icon@2x.png */; };
		FDC4853E154DEFF90035BB36 /* Icon.png in Resources */ = {isa = PBXBuildFile; fileRef = FDC4853D154DEFF90035BB36 /* Icon.png */; };
		FDC48588154F11AA0035BB36 /* dropdown-alert.png in Resources */ = {isa = PBXBuildFile; fileRef = FDC48586154F11AA0035BB36 /* dropdown-alert.png */; };
		FDC48589154F11AA0035BB36 /* dropdown-alert@2x.png in Resources */ = {isa = PBXBuildFile; fileRef = FDC48587154F11AA0035BB36 /* dropdown-alert@2x.png */; };
		FDC48590154F11B60035BB36 /* bg-yellow.png in Resources */ = {isa = PBXBuildFile; fileRef = FDC4858C154F11B60035BB36 /* bg-yellow.png */; };
		FDC48591154F11B60035BB36 /* bg-yellow@2x.png in Resources */ = {isa = PBXBuildFile; fileRef = FDC4858D154F11B60035BB36 /* bg-yellow@2x.png */; };
		FDC48592154F11B60035BB36 /* YRDropdownView.m in Sources */ = {isa = PBXBuildFile; fileRef = FDC4858F154F11B60035BB36 /* YRDropdownView.m */; settings = {COMPILER_FLAGS = "-fno-objc-arc"; }; };
		FDC48597154F33900035BB36 /* NVPolylineAnnotationView.m in Sources */ = {isa = PBXBuildFile; fileRef = FDC48596154F33850035BB36 /* NVPolylineAnnotationView.m */; settings = {COMPILER_FLAGS = "-fno-objc-arc"; }; };
		FDC48598154F33920035BB36 /* NVPolylineAnnotation.m in Sources */ = {isa = PBXBuildFile; fileRef = FDC48594154F33840035BB36 /* NVPolylineAnnotation.m */; settings = {COMPILER_FLAGS = "-fno-objc-arc"; }; };
/* End PBXBuildFile section */

/* Begin PBXFileReference section */
		FD537FC415F1FB4D0016447B /* MPAnimation.h */ = {isa = PBXFileReference; fileEncoding = 4; lastKnownFileType = sourcecode.c.h; name = MPAnimation.h; path = Vendor/Production/MPFlipViewController/Container/MPAnimation.h; sourceTree = SOURCE_ROOT; };
		FD537FC515F1FB4D0016447B /* MPAnimation.m */ = {isa = PBXFileReference; fileEncoding = 4; lastKnownFileType = sourcecode.c.objc; name = MPAnimation.m; path = Vendor/Production/MPFlipViewController/Container/MPAnimation.m; sourceTree = SOURCE_ROOT; };
		FD537FC615F1FB4D0016447B /* MPFlipEnumerations.h */ = {isa = PBXFileReference; fileEncoding = 4; lastKnownFileType = sourcecode.c.h; name = MPFlipEnumerations.h; path = Vendor/Production/MPFlipViewController/Container/MPFlipEnumerations.h; sourceTree = SOURCE_ROOT; };
		FD537FC715F1FB4D0016447B /* MPFlipTransition.h */ = {isa = PBXFileReference; fileEncoding = 4; lastKnownFileType = sourcecode.c.h; name = MPFlipTransition.h; path = Vendor/Production/MPFlipViewController/Container/MPFlipTransition.h; sourceTree = SOURCE_ROOT; };
		FD537FC815F1FB4D0016447B /* MPFlipTransition.m */ = {isa = PBXFileReference; fileEncoding = 4; lastKnownFileType = sourcecode.c.objc; name = MPFlipTransition.m; path = Vendor/Production/MPFlipViewController/Container/MPFlipTransition.m; sourceTree = SOURCE_ROOT; };
		FD537FC915F1FB4D0016447B /* MPFlipViewController.h */ = {isa = PBXFileReference; fileEncoding = 4; lastKnownFileType = sourcecode.c.h; name = MPFlipViewController.h; path = Vendor/Production/MPFlipViewController/Container/MPFlipViewController.h; sourceTree = SOURCE_ROOT; };
		FD537FCA15F1FB4D0016447B /* MPFlipViewController.m */ = {isa = PBXFileReference; fileEncoding = 4; lastKnownFileType = sourcecode.c.objc; name = MPFlipViewController.m; path = Vendor/Production/MPFlipViewController/Container/MPFlipViewController.m; sourceTree = SOURCE_ROOT; };
		FD537FCB15F1FB4D0016447B /* MPTransition.h */ = {isa = PBXFileReference; fileEncoding = 4; lastKnownFileType = sourcecode.c.h; name = MPTransition.h; path = Vendor/Production/MPFlipViewController/Container/MPTransition.h; sourceTree = SOURCE_ROOT; };
		FD537FCC15F1FB4D0016447B /* MPTransition.m */ = {isa = PBXFileReference; fileEncoding = 4; lastKnownFileType = sourcecode.c.objc; name = MPTransition.m; path = Vendor/Production/MPFlipViewController/Container/MPTransition.m; sourceTree = SOURCE_ROOT; };
		FD537FCD15F1FB4D0016447B /* MPTransitionEnumerations.h */ = {isa = PBXFileReference; fileEncoding = 4; lastKnownFileType = sourcecode.c.h; name = MPTransitionEnumerations.h; path = Vendor/Production/MPFlipViewController/Container/MPTransitionEnumerations.h; sourceTree = SOURCE_ROOT; };
		FD537FD415F1FB6A0016447B /* RCLocationManager.h */ = {isa = PBXFileReference; fileEncoding = 4; lastKnownFileType = sourcecode.c.h; path = RCLocationManager.h; sourceTree = "<group>"; };
		FD537FD515F1FB6A0016447B /* RCLocationManager.m */ = {isa = PBXFileReference; fileEncoding = 4; lastKnownFileType = sourcecode.c.objc; path = RCLocationManager.m; sourceTree = "<group>"; };
		FD537FD915F1FBB90016447B /* NICommonMetrics.h */ = {isa = PBXFileReference; fileEncoding = 4; lastKnownFileType = sourcecode.c.h; name = NICommonMetrics.h; path = Vendor/Production/nimbus/src/core/src/NICommonMetrics.h; sourceTree = SOURCE_ROOT; };
		FD537FDA15F1FBB90016447B /* NICommonMetrics.m */ = {isa = PBXFileReference; fileEncoding = 4; lastKnownFileType = sourcecode.c.objc; name = NICommonMetrics.m; path = Vendor/Production/nimbus/src/core/src/NICommonMetrics.m; sourceTree = SOURCE_ROOT; };
		FD537FDB15F1FBB90016447B /* NIDataStructures.h */ = {isa = PBXFileReference; fileEncoding = 4; lastKnownFileType = sourcecode.c.h; name = NIDataStructures.h; path = Vendor/Production/nimbus/src/core/src/NIDataStructures.h; sourceTree = SOURCE_ROOT; };
		FD537FDC15F1FBB90016447B /* NIDataStructures.m */ = {isa = PBXFileReference; fileEncoding = 4; lastKnownFileType = sourcecode.c.objc; name = NIDataStructures.m; path = Vendor/Production/nimbus/src/core/src/NIDataStructures.m; sourceTree = SOURCE_ROOT; };
		FD537FDD15F1FBB90016447B /* NIDebuggingTools.h */ = {isa = PBXFileReference; fileEncoding = 4; lastKnownFileType = sourcecode.c.h; name = NIDebuggingTools.h; path = Vendor/Production/nimbus/src/core/src/NIDebuggingTools.h; sourceTree = SOURCE_ROOT; };
		FD537FDE15F1FBB90016447B /* NIDebuggingTools.m */ = {isa = PBXFileReference; fileEncoding = 4; lastKnownFileType = sourcecode.c.objc; name = NIDebuggingTools.m; path = Vendor/Production/nimbus/src/core/src/NIDebuggingTools.m; sourceTree = SOURCE_ROOT; };
		FD537FDF15F1FBB90016447B /* NIDeviceOrientation.h */ = {isa = PBXFileReference; fileEncoding = 4; lastKnownFileType = sourcecode.c.h; name = NIDeviceOrientation.h; path = Vendor/Production/nimbus/src/core/src/NIDeviceOrientation.h; sourceTree = SOURCE_ROOT; };
		FD537FE015F1FBB90016447B /* NIDeviceOrientation.m */ = {isa = PBXFileReference; fileEncoding = 4; lastKnownFileType = sourcecode.c.objc; name = NIDeviceOrientation.m; path = Vendor/Production/nimbus/src/core/src/NIDeviceOrientation.m; sourceTree = SOURCE_ROOT; };
		FD537FE115F1FBB90016447B /* NIError.h */ = {isa = PBXFileReference; fileEncoding = 4; lastKnownFileType = sourcecode.c.h; name = NIError.h; path = Vendor/Production/nimbus/src/core/src/NIError.h; sourceTree = SOURCE_ROOT; };
		FD537FE215F1FBB90016447B /* NIError.m */ = {isa = PBXFileReference; fileEncoding = 4; lastKnownFileType = sourcecode.c.objc; name = NIError.m; path = Vendor/Production/nimbus/src/core/src/NIError.m; sourceTree = SOURCE_ROOT; };
		FD537FE315F1FBB90016447B /* NIFoundationMethods.h */ = {isa = PBXFileReference; fileEncoding = 4; lastKnownFileType = sourcecode.c.h; name = NIFoundationMethods.h; path = Vendor/Production/nimbus/src/core/src/NIFoundationMethods.h; sourceTree = SOURCE_ROOT; };
		FD537FE415F1FBB90016447B /* NIFoundationMethods.m */ = {isa = PBXFileReference; fileEncoding = 4; lastKnownFileType = sourcecode.c.objc; name = NIFoundationMethods.m; path = Vendor/Production/nimbus/src/core/src/NIFoundationMethods.m; sourceTree = SOURCE_ROOT; };
		FD537FE515F1FBB90016447B /* NIInMemoryCache.h */ = {isa = PBXFileReference; fileEncoding = 4; lastKnownFileType = sourcecode.c.h; name = NIInMemoryCache.h; path = Vendor/Production/nimbus/src/core/src/NIInMemoryCache.h; sourceTree = SOURCE_ROOT; };
		FD537FE615F1FBB90016447B /* NIInMemoryCache.m */ = {isa = PBXFileReference; fileEncoding = 4; lastKnownFileType = sourcecode.c.objc; name = NIInMemoryCache.m; path = Vendor/Production/nimbus/src/core/src/NIInMemoryCache.m; sourceTree = SOURCE_ROOT; };
		FD537FE715F1FBB90016447B /* NimbusCore.h */ = {isa = PBXFileReference; fileEncoding = 4; lastKnownFileType = sourcecode.c.h; name = NimbusCore.h; path = Vendor/Production/nimbus/src/core/src/NimbusCore.h; sourceTree = SOURCE_ROOT; };
		FD537FE815F1FBB90016447B /* NimbusCore+Additions.h */ = {isa = PBXFileReference; fileEncoding = 4; lastKnownFileType = sourcecode.c.h; name = "NimbusCore+Additions.h"; path = "Vendor/Production/nimbus/src/core/src/NimbusCore+Additions.h"; sourceTree = SOURCE_ROOT; };
		FD537FE915F1FBB90016447B /* NimbusCore+Namespace.h */ = {isa = PBXFileReference; fileEncoding = 4; lastKnownFileType = sourcecode.c.h; name = "NimbusCore+Namespace.h"; path = "Vendor/Production/nimbus/src/core/src/NimbusCore+Namespace.h"; sourceTree = SOURCE_ROOT; };
		FD537FEA15F1FBB90016447B /* NINavigationAppearance.h */ = {isa = PBXFileReference; fileEncoding = 4; lastKnownFileType = sourcecode.c.h; name = NINavigationAppearance.h; path = Vendor/Production/nimbus/src/core/src/NINavigationAppearance.h; sourceTree = SOURCE_ROOT; };
		FD537FEB15F1FBB90016447B /* NINavigationAppearance.m */ = {isa = PBXFileReference; fileEncoding = 4; lastKnownFileType = sourcecode.c.objc; name = NINavigationAppearance.m; path = Vendor/Production/nimbus/src/core/src/NINavigationAppearance.m; sourceTree = SOURCE_ROOT; };
		FD537FEC15F1FBB90016447B /* NINetworkActivity.h */ = {isa = PBXFileReference; fileEncoding = 4; lastKnownFileType = sourcecode.c.h; name = NINetworkActivity.h; path = Vendor/Production/nimbus/src/core/src/NINetworkActivity.h; sourceTree = SOURCE_ROOT; };
		FD537FED15F1FBB90016447B /* NINetworkActivity.m */ = {isa = PBXFileReference; fileEncoding = 4; lastKnownFileType = sourcecode.c.objc; name = NINetworkActivity.m; path = Vendor/Production/nimbus/src/core/src/NINetworkActivity.m; sourceTree = SOURCE_ROOT; };
		FD537FEE15F1FBB90016447B /* NINonEmptyCollectionTesting.h */ = {isa = PBXFileReference; fileEncoding = 4; lastKnownFileType = sourcecode.c.h; name = NINonEmptyCollectionTesting.h; path = Vendor/Production/nimbus/src/core/src/NINonEmptyCollectionTesting.h; sourceTree = SOURCE_ROOT; };
		FD537FEF15F1FBB90016447B /* NINonEmptyCollectionTesting.m */ = {isa = PBXFileReference; fileEncoding = 4; lastKnownFileType = sourcecode.c.objc; name = NINonEmptyCollectionTesting.m; path = Vendor/Production/nimbus/src/core/src/NINonEmptyCollectionTesting.m; sourceTree = SOURCE_ROOT; };
		FD537FF015F1FBB90016447B /* NINonRetainingCollections.h */ = {isa = PBXFileReference; fileEncoding = 4; lastKnownFileType = sourcecode.c.h; name = NINonRetainingCollections.h; path = Vendor/Production/nimbus/src/core/src/NINonRetainingCollections.h; sourceTree = SOURCE_ROOT; };
		FD537FF115F1FBB90016447B /* NINonRetainingCollections.m */ = {isa = PBXFileReference; fileEncoding = 4; lastKnownFileType = sourcecode.c.objc; name = NINonRetainingCollections.m; path = Vendor/Production/nimbus/src/core/src/NINonRetainingCollections.m; sourceTree = SOURCE_ROOT; };
		FD537FF215F1FBB90016447B /* NIOperations.h */ = {isa = PBXFileReference; fileEncoding = 4; lastKnownFileType = sourcecode.c.h; name = NIOperations.h; path = Vendor/Production/nimbus/src/core/src/NIOperations.h; sourceTree = SOURCE_ROOT; };
		FD537FF315F1FBB90016447B /* NIOperations.m */ = {isa = PBXFileReference; fileEncoding = 4; lastKnownFileType = sourcecode.c.objc; name = NIOperations.m; path = Vendor/Production/nimbus/src/core/src/NIOperations.m; sourceTree = SOURCE_ROOT; };
		FD537FF415F1FBB90016447B /* NIOperations+Subclassing.h */ = {isa = PBXFileReference; fileEncoding = 4; lastKnownFileType = sourcecode.c.h; name = "NIOperations+Subclassing.h"; path = "Vendor/Production/nimbus/src/core/src/NIOperations+Subclassing.h"; sourceTree = SOURCE_ROOT; };
		FD537FF515F1FBB90016447B /* NIPaths.h */ = {isa = PBXFileReference; fileEncoding = 4; lastKnownFileType = sourcecode.c.h; name = NIPaths.h; path = Vendor/Production/nimbus/src/core/src/NIPaths.h; sourceTree = SOURCE_ROOT; };
		FD537FF615F1FBB90016447B /* NIPaths.m */ = {isa = PBXFileReference; fileEncoding = 4; lastKnownFileType = sourcecode.c.objc; name = NIPaths.m; path = Vendor/Production/nimbus/src/core/src/NIPaths.m; sourceTree = SOURCE_ROOT; };
		FD537FF715F1FBB90016447B /* NIPreprocessorMacros.h */ = {isa = PBXFileReference; fileEncoding = 4; lastKnownFileType = sourcecode.c.h; name = NIPreprocessorMacros.h; path = Vendor/Production/nimbus/src/core/src/NIPreprocessorMacros.h; sourceTree = SOURCE_ROOT; };
		FD537FF815F1FBB90016447B /* NIRuntimeClassModifications.h */ = {isa = PBXFileReference; fileEncoding = 4; lastKnownFileType = sourcecode.c.h; name = NIRuntimeClassModifications.h; path = Vendor/Production/nimbus/src/core/src/NIRuntimeClassModifications.h; sourceTree = SOURCE_ROOT; };
		FD537FF915F1FBB90016447B /* NIRuntimeClassModifications.m */ = {isa = PBXFileReference; fileEncoding = 4; lastKnownFileType = sourcecode.c.objc; name = NIRuntimeClassModifications.m; path = Vendor/Production/nimbus/src/core/src/NIRuntimeClassModifications.m; sourceTree = SOURCE_ROOT; };
		FD537FFA15F1FBB90016447B /* NISDKAvailability.h */ = {isa = PBXFileReference; fileEncoding = 4; lastKnownFileType = sourcecode.c.h; name = NISDKAvailability.h; path = Vendor/Production/nimbus/src/core/src/NISDKAvailability.h; sourceTree = SOURCE_ROOT; };
		FD537FFB15F1FBB90016447B /* NISDKAvailability.m */ = {isa = PBXFileReference; fileEncoding = 4; lastKnownFileType = sourcecode.c.objc; name = NISDKAvailability.m; path = Vendor/Production/nimbus/src/core/src/NISDKAvailability.m; sourceTree = SOURCE_ROOT; };
		FD537FFC15F1FBB90016447B /* NISnapshotRotation.h */ = {isa = PBXFileReference; fileEncoding = 4; lastKnownFileType = sourcecode.c.h; name = NISnapshotRotation.h; path = Vendor/Production/nimbus/src/core/src/NISnapshotRotation.h; sourceTree = SOURCE_ROOT; };
		FD537FFD15F1FBB90016447B /* NISnapshotRotation.m */ = {isa = PBXFileReference; fileEncoding = 4; lastKnownFileType = sourcecode.c.objc; name = NISnapshotRotation.m; path = Vendor/Production/nimbus/src/core/src/NISnapshotRotation.m; sourceTree = SOURCE_ROOT; };
		FD537FFE15F1FBB90016447B /* NIState.h */ = {isa = PBXFileReference; fileEncoding = 4; lastKnownFileType = sourcecode.c.h; name = NIState.h; path = Vendor/Production/nimbus/src/core/src/NIState.h; sourceTree = SOURCE_ROOT; };
		FD537FFF15F1FBB90016447B /* NIState.m */ = {isa = PBXFileReference; fileEncoding = 4; lastKnownFileType = sourcecode.c.objc; name = NIState.m; path = Vendor/Production/nimbus/src/core/src/NIState.m; sourceTree = SOURCE_ROOT; };
		FD53800015F1FBB90016447B /* NIViewRecycler.h */ = {isa = PBXFileReference; fileEncoding = 4; lastKnownFileType = sourcecode.c.h; name = NIViewRecycler.h; path = Vendor/Production/nimbus/src/core/src/NIViewRecycler.h; sourceTree = SOURCE_ROOT; };
		FD53800115F1FBB90016447B /* NIViewRecycler.m */ = {isa = PBXFileReference; fileEncoding = 4; lastKnownFileType = sourcecode.c.objc; name = NIViewRecycler.m; path = Vendor/Production/nimbus/src/core/src/NIViewRecycler.m; sourceTree = SOURCE_ROOT; };
		FD53800215F1FBB90016447B /* NSString+NimbusCore.h */ = {isa = PBXFileReference; fileEncoding = 4; lastKnownFileType = sourcecode.c.h; name = "NSString+NimbusCore.h"; path = "Vendor/Production/nimbus/src/core/src/NSString+NimbusCore.h"; sourceTree = SOURCE_ROOT; };
		FD53800315F1FBB90016447B /* NSString+NimbusCore.m */ = {isa = PBXFileReference; fileEncoding = 4; lastKnownFileType = sourcecode.c.objc; name = "NSString+NimbusCore.m"; path = "Vendor/Production/nimbus/src/core/src/NSString+NimbusCore.m"; sourceTree = SOURCE_ROOT; };
		FD53801815F1FBF90016447B /* NIImageProcessing.h */ = {isa = PBXFileReference; fileEncoding = 4; lastKnownFileType = sourcecode.c.h; name = NIImageProcessing.h; path = Vendor/Production/nimbus/src/networkimage/src/NIImageProcessing.h; sourceTree = SOURCE_ROOT; };
		FD53801915F1FBF90016447B /* NIImageProcessing.m */ = {isa = PBXFileReference; fileEncoding = 4; lastKnownFileType = sourcecode.c.objc; name = NIImageProcessing.m; path = Vendor/Production/nimbus/src/networkimage/src/NIImageProcessing.m; sourceTree = SOURCE_ROOT; };
		FD53801A15F1FBF90016447B /* NimbusNetworkImage.h */ = {isa = PBXFileReference; fileEncoding = 4; lastKnownFileType = sourcecode.c.h; name = NimbusNetworkImage.h; path = Vendor/Production/nimbus/src/networkimage/src/NimbusNetworkImage.h; sourceTree = SOURCE_ROOT; };
		FD53801B15F1FBF90016447B /* NimbusNetworkImage+Namespace.h */ = {isa = PBXFileReference; fileEncoding = 4; lastKnownFileType = sourcecode.c.h; name = "NimbusNetworkImage+Namespace.h"; path = "Vendor/Production/nimbus/src/networkimage/src/NimbusNetworkImage+Namespace.h"; sourceTree = SOURCE_ROOT; };
		FD53801C15F1FBF90016447B /* NINetworkImageView.h */ = {isa = PBXFileReference; fileEncoding = 4; lastKnownFileType = sourcecode.c.h; name = NINetworkImageView.h; path = Vendor/Production/nimbus/src/networkimage/src/NINetworkImageView.h; sourceTree = SOURCE_ROOT; };
		FD53801D15F1FBF90016447B /* NINetworkImageView.m */ = {isa = PBXFileReference; fileEncoding = 4; lastKnownFileType = sourcecode.c.objc; name = NINetworkImageView.m; path = Vendor/Production/nimbus/src/networkimage/src/NINetworkImageView.m; sourceTree = SOURCE_ROOT; };
		FD53802115F1FC530016447B /* NIAttributedLabel.h */ = {isa = PBXFileReference; fileEncoding = 4; lastKnownFileType = sourcecode.c.h; name = NIAttributedLabel.h; path = Vendor/Production/nimbus/src/attributedlabel/src/NIAttributedLabel.h; sourceTree = SOURCE_ROOT; };
		FD53802215F1FC530016447B /* NIAttributedLabel.m */ = {isa = PBXFileReference; fileEncoding = 4; lastKnownFileType = sourcecode.c.objc; name = NIAttributedLabel.m; path = Vendor/Production/nimbus/src/attributedlabel/src/NIAttributedLabel.m; sourceTree = SOURCE_ROOT; };
		FD53802315F1FC530016447B /* NimbusAttributedLabel.h */ = {isa = PBXFileReference; fileEncoding = 4; lastKnownFileType = sourcecode.c.h; name = NimbusAttributedLabel.h; path = Vendor/Production/nimbus/src/attributedlabel/src/NimbusAttributedLabel.h; sourceTree = SOURCE_ROOT; };
		FD53802415F1FC530016447B /* NimbusAttributedLabel+Namespace.h */ = {isa = PBXFileReference; fileEncoding = 4; lastKnownFileType = sourcecode.c.h; name = "NimbusAttributedLabel+Namespace.h"; path = "Vendor/Production/nimbus/src/attributedlabel/src/NimbusAttributedLabel+Namespace.h"; sourceTree = SOURCE_ROOT; };
		FD53802515F1FC530016447B /* NSMutableAttributedString+NimbusAttributedLabel.h */ = {isa = PBXFileReference; fileEncoding = 4; lastKnownFileType = sourcecode.c.h; name = "NSMutableAttributedString+NimbusAttributedLabel.h"; path = "Vendor/Production/nimbus/src/attributedlabel/src/NSMutableAttributedString+NimbusAttributedLabel.h"; sourceTree = SOURCE_ROOT; };
		FD53802615F1FC530016447B /* NSMutableAttributedString+NimbusAttributedLabel.m */ = {isa = PBXFileReference; fileEncoding = 4; lastKnownFileType = sourcecode.c.objc; name = "NSMutableAttributedString+NimbusAttributedLabel.m"; path = "Vendor/Production/nimbus/src/attributedlabel/src/NSMutableAttributedString+NimbusAttributedLabel.m"; sourceTree = SOURCE_ROOT; };
		FD53802C15F201F00016447B /* AFHTTPClient.h */ = {isa = PBXFileReference; fileEncoding = 4; lastKnownFileType = sourcecode.c.h; name = AFHTTPClient.h; path = AFNetworking/AFHTTPClient.h; sourceTree = "<group>"; };
		FD53802D15F201F00016447B /* AFHTTPClient.m */ = {isa = PBXFileReference; fileEncoding = 4; lastKnownFileType = sourcecode.c.objc; name = AFHTTPClient.m; path = AFNetworking/AFHTTPClient.m; sourceTree = "<group>"; };
		FD53802E15F201F00016447B /* AFHTTPRequestOperation.h */ = {isa = PBXFileReference; fileEncoding = 4; lastKnownFileType = sourcecode.c.h; name = AFHTTPRequestOperation.h; path = AFNetworking/AFHTTPRequestOperation.h; sourceTree = "<group>"; };
		FD53802F15F201F00016447B /* AFHTTPRequestOperation.m */ = {isa = PBXFileReference; fileEncoding = 4; lastKnownFileType = sourcecode.c.objc; name = AFHTTPRequestOperation.m; path = AFNetworking/AFHTTPRequestOperation.m; sourceTree = "<group>"; };
		FD53803015F201F00016447B /* AFImageRequestOperation.h */ = {isa = PBXFileReference; fileEncoding = 4; lastKnownFileType = sourcecode.c.h; name = AFImageRequestOperation.h; path = AFNetworking/AFImageRequestOperation.h; sourceTree = "<group>"; };
		FD53803115F201F00016447B /* AFImageRequestOperation.m */ = {isa = PBXFileReference; fileEncoding = 4; lastKnownFileType = sourcecode.c.objc; name = AFImageRequestOperation.m; path = AFNetworking/AFImageRequestOperation.m; sourceTree = "<group>"; };
		FD53803215F201F00016447B /* AFJSONRequestOperation.h */ = {isa = PBXFileReference; fileEncoding = 4; lastKnownFileType = sourcecode.c.h; name = AFJSONRequestOperation.h; path = AFNetworking/AFJSONRequestOperation.h; sourceTree = "<group>"; };
		FD53803315F201F00016447B /* AFJSONRequestOperation.m */ = {isa = PBXFileReference; fileEncoding = 4; lastKnownFileType = sourcecode.c.objc; name = AFJSONRequestOperation.m; path = AFNetworking/AFJSONRequestOperation.m; sourceTree = "<group>"; };
		FD53803415F201F00016447B /* AFJSONUtilities.h */ = {isa = PBXFileReference; fileEncoding = 4; lastKnownFileType = sourcecode.c.h; name = AFJSONUtilities.h; path = AFNetworking/AFJSONUtilities.h; sourceTree = "<group>"; };
		FD53803515F201F00016447B /* AFJSONUtilities.m */ = {isa = PBXFileReference; fileEncoding = 4; lastKnownFileType = sourcecode.c.objc; name = AFJSONUtilities.m; path = AFNetworking/AFJSONUtilities.m; sourceTree = "<group>"; };
		FD53803615F201F00016447B /* AFNetworkActivityIndicatorManager.h */ = {isa = PBXFileReference; fileEncoding = 4; lastKnownFileType = sourcecode.c.h; name = AFNetworkActivityIndicatorManager.h; path = AFNetworking/AFNetworkActivityIndicatorManager.h; sourceTree = "<group>"; };
		FD53803715F201F00016447B /* AFNetworkActivityIndicatorManager.m */ = {isa = PBXFileReference; fileEncoding = 4; lastKnownFileType = sourcecode.c.objc; name = AFNetworkActivityIndicatorManager.m; path = AFNetworking/AFNetworkActivityIndicatorManager.m; sourceTree = "<group>"; };
		FD53803815F201F00016447B /* AFNetworking.h */ = {isa = PBXFileReference; fileEncoding = 4; lastKnownFileType = sourcecode.c.h; name = AFNetworking.h; path = AFNetworking/AFNetworking.h; sourceTree = "<group>"; };
		FD53803915F201F00016447B /* AFPropertyListRequestOperation.h */ = {isa = PBXFileReference; fileEncoding = 4; lastKnownFileType = sourcecode.c.h; name = AFPropertyListRequestOperation.h; path = AFNetworking/AFPropertyListRequestOperation.h; sourceTree = "<group>"; };
		FD53803A15F201F00016447B /* AFPropertyListRequestOperation.m */ = {isa = PBXFileReference; fileEncoding = 4; lastKnownFileType = sourcecode.c.objc; name = AFPropertyListRequestOperation.m; path = AFNetworking/AFPropertyListRequestOperation.m; sourceTree = "<group>"; };
		FD53803B15F201F00016447B /* AFURLConnectionOperation.h */ = {isa = PBXFileReference; fileEncoding = 4; lastKnownFileType = sourcecode.c.h; name = AFURLConnectionOperation.h; path = AFNetworking/AFURLConnectionOperation.h; sourceTree = "<group>"; };
		FD53803C15F201F00016447B /* AFURLConnectionOperation.m */ = {isa = PBXFileReference; fileEncoding = 4; lastKnownFileType = sourcecode.c.objc; name = AFURLConnectionOperation.m; path = AFNetworking/AFURLConnectionOperation.m; sourceTree = "<group>"; };
		FD53803D15F201F00016447B /* AFXMLRequestOperation.h */ = {isa = PBXFileReference; fileEncoding = 4; lastKnownFileType = sourcecode.c.h; name = AFXMLRequestOperation.h; path = AFNetworking/AFXMLRequestOperation.h; sourceTree = "<group>"; };
		FD53803E15F201F00016447B /* AFXMLRequestOperation.m */ = {isa = PBXFileReference; fileEncoding = 4; lastKnownFileType = sourcecode.c.objc; name = AFXMLRequestOperation.m; path = AFNetworking/AFXMLRequestOperation.m; sourceTree = "<group>"; };
		FD53803F15F201F00016447B /* UIImageView+AFNetworking.h */ = {isa = PBXFileReference; fileEncoding = 4; lastKnownFileType = sourcecode.c.h; name = "UIImageView+AFNetworking.h"; path = "AFNetworking/UIImageView+AFNetworking.h"; sourceTree = "<group>"; };
		FD53804015F201F00016447B /* UIImageView+AFNetworking.m */ = {isa = PBXFileReference; fileEncoding = 4; lastKnownFileType = sourcecode.c.objc; name = "UIImageView+AFNetworking.m"; path = "AFNetworking/UIImageView+AFNetworking.m"; sourceTree = "<group>"; };
		FD53806C15F201F00016447B /* CHANGELOG.md */ = {isa = PBXFileReference; fileEncoding = 4; lastKnownFileType = text; path = CHANGELOG.md; sourceTree = "<group>"; };
		FD53806D15F201F00016447B /* JSONKit.h */ = {isa = PBXFileReference; fileEncoding = 4; lastKnownFileType = sourcecode.c.h; path = JSONKit.h; sourceTree = "<group>"; };
		FD53806E15F201F00016447B /* JSONKit.m */ = {isa = PBXFileReference; fileEncoding = 4; lastKnownFileType = sourcecode.c.objc; path = JSONKit.m; sourceTree = "<group>"; };
		FD53806F15F201F00016447B /* README.md */ = {isa = PBXFileReference; fileEncoding = 4; lastKnownFileType = text; path = README.md; sourceTree = "<group>"; };
		FD5380A115F205900016447B /* SGDetailCardViewController.m */ = {isa = PBXFileReference; fileEncoding = 4; lastKnownFileType = sourcecode.c.objc; path = SGDetailCardViewController.m; sourceTree = "<group>"; };
		FD5380A815F210470016447B /* SGPlace.h */ = {isa = PBXFileReference; fileEncoding = 4; lastKnownFileType = sourcecode.c.h; path = SGPlace.h; sourceTree = "<group>"; };
		FD5380A915F210470016447B /* SGPlace.m */ = {isa = PBXFileReference; fileEncoding = 4; lastKnownFileType = sourcecode.c.objc; path = SGPlace.m; sourceTree = "<group>"; };
		FD5380AC15F211510016447B /* SGNetworkManager.h */ = {isa = PBXFileReference; fileEncoding = 4; lastKnownFileType = sourcecode.c.h; path = SGNetworkManager.h; sourceTree = "<group>"; };
		FD5380AD15F211510016447B /* SGNetworkManager.m */ = {isa = PBXFileReference; fileEncoding = 4; lastKnownFileType = sourcecode.c.objc; path = SGNetworkManager.m; sourceTree = "<group>"; };
		FD5380B015F217990016447B /* SGPlaceImageViewController.h */ = {isa = PBXFileReference; fileEncoding = 4; lastKnownFileType = sourcecode.c.h; path = SGPlaceImageViewController.h; sourceTree = "<group>"; };
		FD5380B115F217990016447B /* SGPlaceImageViewController.m */ = {isa = PBXFileReference; fileEncoding = 4; lastKnownFileType = sourcecode.c.objc; path = SGPlaceImageViewController.m; sourceTree = "<group>"; };
		FD5380B515F221ED0016447B /* DCCrossHairView.h */ = {isa = PBXFileReference; fileEncoding = 4; lastKnownFileType = sourcecode.c.h; path = DCCrossHairView.h; sourceTree = "<group>"; };
		FD5380B615F221ED0016447B /* DCCrossHairView.m */ = {isa = PBXFileReference; fileEncoding = 4; lastKnownFileType = sourcecode.c.objc; path = DCCrossHairView.m; sourceTree = "<group>"; };
		FD5380B715F221ED0016447B /* DCFrameView.h */ = {isa = PBXFileReference; fileEncoding = 4; lastKnownFileType = sourcecode.c.h; path = DCFrameView.h; sourceTree = "<group>"; };
		FD5380B815F221ED0016447B /* DCFrameView.m */ = {isa = PBXFileReference; fileEncoding = 4; lastKnownFileType = sourcecode.c.objc; path = DCFrameView.m; sourceTree = "<group>"; };
		FD5380B915F221ED0016447B /* DCIntrospect.h */ = {isa = PBXFileReference; fileEncoding = 4; lastKnownFileType = sourcecode.c.h; path = DCIntrospect.h; sourceTree = "<group>"; };
		FD5380BA15F221ED0016447B /* DCIntrospect.m */ = {isa = PBXFileReference; fileEncoding = 4; lastKnownFileType = sourcecode.c.objc; path = DCIntrospect.m; sourceTree = "<group>"; };
		FD5380BB15F221ED0016447B /* DCIntrospectSettings.h */ = {isa = PBXFileReference; fileEncoding = 4; lastKnownFileType = sourcecode.c.h; path = DCIntrospectSettings.h; sourceTree = "<group>"; };
		FD5380BC15F221ED0016447B /* DCStatusBarOverlay.h */ = {isa = PBXFileReference; fileEncoding = 4; lastKnownFileType = sourcecode.c.h; path = DCStatusBarOverlay.h; sourceTree = "<group>"; };
		FD5380BD15F221ED0016447B /* DCStatusBarOverlay.m */ = {isa = PBXFileReference; fileEncoding = 4; lastKnownFileType = sourcecode.c.objc; path = DCStatusBarOverlay.m; sourceTree = "<group>"; };
		FD5907EE155488A000678CB7 /* SGAnnotation.h */ = {isa = PBXFileReference; lastKnownFileType = sourcecode.c.h; path = SGAnnotation.h; sourceTree = "<group>"; };
		FD8D133315F4C04700A4C749 /* Crashlytics.framework */ = {isa = PBXFileReference; lastKnownFileType = wrapper.framework; path = Crashlytics.framework; sourceTree = "<group>"; };
		FD8D60C7154F471B00F4B326 /* libTestFlight.a */ = {isa = PBXFileReference; lastKnownFileType = archive.ar; name = libTestFlight.a; path = ../libTestFlight.a; sourceTree = "<group>"; };
		FD8D60C9154F472600F4B326 /* TestFlight.h */ = {isa = PBXFileReference; lastKnownFileType = sourcecode.c.h; name = TestFlight.h; path = ../TestFlight.h; sourceTree = "<group>"; };
		FD8D60CA154F4A6200F4B326 /* libz.1.2.5.dylib */ = {isa = PBXFileReference; lastKnownFileType = "compiled.mach-o.dylib"; name = libz.1.2.5.dylib; path = usr/lib/libz.1.2.5.dylib; sourceTree = SDKROOT; };
		FD8D610B15505A6600F4B326 /* FlurryAnalytics.h */ = {isa = PBXFileReference; fileEncoding = 4; lastKnownFileType = sourcecode.c.h; path = FlurryAnalytics.h; sourceTree = "<group>"; };
		FD8D610C15505A6600F4B326 /* libFlurryAnalytics.a */ = {isa = PBXFileReference; lastKnownFileType = archive.ar; path = libFlurryAnalytics.a; sourceTree = "<group>"; };
		FD8D61141550A4A900F4B326 /* OpenUDID.h */ = {isa = PBXFileReference; fileEncoding = 4; lastKnownFileType = sourcecode.c.h; path = OpenUDID.h; sourceTree = "<group>"; };
		FD8D61151550A4A900F4B326 /* OpenUDID.m */ = {isa = PBXFileReference; fileEncoding = 4; lastKnownFileType = sourcecode.c.objc; path = OpenUDID.m; sourceTree = "<group>"; };
		FD8D61161550A4A900F4B326 /* README.md */ = {isa = PBXFileReference; fileEncoding = 4; lastKnownFileType = text; path = README.md; sourceTree = "<group>"; };
		FD8D611C1550A5BE00F4B326 /* MPCJSONDataSerializer.h */ = {isa = PBXFileReference; fileEncoding = 4; lastKnownFileType = sourcecode.c.h; path = MPCJSONDataSerializer.h; sourceTree = "<group>"; };
		FD8D611D1550A5BE00F4B326 /* MPCJSONDataSerializer.m */ = {isa = PBXFileReference; fileEncoding = 4; lastKnownFileType = sourcecode.c.objc; path = MPCJSONDataSerializer.m; sourceTree = "<group>"; };
		FD8D611E1550A5BE00F4B326 /* MPCJSONSerializer.h */ = {isa = PBXFileReference; fileEncoding = 4; lastKnownFileType = sourcecode.c.h; path = MPCJSONSerializer.h; sourceTree = "<group>"; };
		FD8D611F1550A5BE00F4B326 /* MPCJSONSerializer.m */ = {isa = PBXFileReference; fileEncoding = 4; lastKnownFileType = sourcecode.c.objc; path = MPCJSONSerializer.m; sourceTree = "<group>"; };
		FD8D61201550A5BE00F4B326 /* MPCSerializedJSONData.h */ = {isa = PBXFileReference; fileEncoding = 4; lastKnownFileType = sourcecode.c.h; path = MPCSerializedJSONData.h; sourceTree = "<group>"; };
		FD8D61211550A5BE00F4B326 /* MPCSerializedJSONData.m */ = {isa = PBXFileReference; fileEncoding = 4; lastKnownFileType = sourcecode.c.objc; path = MPCSerializedJSONData.m; sourceTree = "<group>"; };
		FD8D61231550A5BE00F4B326 /* NSData+MPBase64.h */ = {isa = PBXFileReference; fileEncoding = 4; lastKnownFileType = sourcecode.c.h; path = "NSData+MPBase64.h"; sourceTree = "<group>"; };
		FD8D61241550A5BE00F4B326 /* NSData+MPBase64.m */ = {isa = PBXFileReference; fileEncoding = 4; lastKnownFileType = sourcecode.c.objc; path = "NSData+MPBase64.m"; sourceTree = "<group>"; };
		FD8D61251550A5BE00F4B326 /* MixpanelAPI.h */ = {isa = PBXFileReference; fileEncoding = 4; lastKnownFileType = sourcecode.c.h; path = MixpanelAPI.h; sourceTree = "<group>"; };
		FD8D61261550A5BE00F4B326 /* MixpanelAPI.m */ = {isa = PBXFileReference; fileEncoding = 4; lastKnownFileType = sourcecode.c.objc; path = MixpanelAPI.m; sourceTree = "<group>"; };
		FD8D61271550A5BE00F4B326 /* MixpanelEvent.h */ = {isa = PBXFileReference; fileEncoding = 4; lastKnownFileType = sourcecode.c.h; path = MixpanelEvent.h; sourceTree = "<group>"; };
		FD8D61281550A5BE00F4B326 /* MixpanelEvent.m */ = {isa = PBXFileReference; fileEncoding = 4; lastKnownFileType = sourcecode.c.objc; path = MixpanelEvent.m; sourceTree = "<group>"; };
		FD8D61311550AAFE00F4B326 /* GANTracker.h */ = {isa = PBXFileReference; fileEncoding = 4; lastKnownFileType = sourcecode.c.h; path = GANTracker.h; sourceTree = "<group>"; };
		FD8D61321550AAFE00F4B326 /* libGoogleAnalytics.a */ = {isa = PBXFileReference; lastKnownFileType = archive.ar; path = libGoogleAnalytics.a; sourceTree = "<group>"; };
		FD8D61331550AAFE00F4B326 /* libGoogleAnalytics_NoThumb.a */ = {isa = PBXFileReference; lastKnownFileType = archive.ar; path = libGoogleAnalytics_NoThumb.a; sourceTree = "<group>"; };
		FD8D61361550ACAF00F4B326 /* libsqlite3.0.dylib */ = {isa = PBXFileReference; lastKnownFileType = "compiled.mach-o.dylib"; name = libsqlite3.0.dylib; path = usr/lib/libsqlite3.0.dylib; sourceTree = SDKROOT; };
		FD8D61381550ACBA00F4B326 /* CFNetwork.framework */ = {isa = PBXFileReference; lastKnownFileType = wrapper.framework; name = CFNetwork.framework; path = System/Library/Frameworks/CFNetwork.framework; sourceTree = SDKROOT; };
		FD8D61F91551F86E00F4B326 /* CoreText.framework */ = {isa = PBXFileReference; lastKnownFileType = wrapper.framework; name = CoreText.framework; path = System/Library/Frameworks/CoreText.framework; sourceTree = SDKROOT; };
		FD8FA61415F4871D000ECBEC /* SGPlaceDetailsViewController.h */ = {isa = PBXFileReference; fileEncoding = 4; lastKnownFileType = sourcecode.c.h; path = SGPlaceDetailsViewController.h; sourceTree = "<group>"; };
		FD8FA61515F4871D000ECBEC /* SGPlaceDetailsViewController.m */ = {isa = PBXFileReference; fileEncoding = 4; lastKnownFileType = sourcecode.c.objc; path = SGPlaceDetailsViewController.m; sourceTree = "<group>"; };
		FD8FA61815F49B0C000ECBEC /* AddressBook.framework */ = {isa = PBXFileReference; lastKnownFileType = wrapper.framework; name = AddressBook.framework; path = System/Library/Frameworks/AddressBook.framework; sourceTree = SDKROOT; };
		FDB3FFF015F72F8A0003CC60 /* .gitattributes */ = {isa = PBXFileReference; fileEncoding = 4; lastKnownFileType = text; path = .gitattributes; sourceTree = "<group>"; };
		FDB3FFF115F72F8A0003CC60 /* Countly.h */ = {isa = PBXFileReference; fileEncoding = 4; lastKnownFileType = sourcecode.c.h; path = Countly.h; sourceTree = "<group>"; };
		FDB3FFF215F72F8A0003CC60 /* Countly.m */ = {isa = PBXFileReference; fileEncoding = 4; lastKnownFileType = sourcecode.c.objc; path = Countly.m; sourceTree = "<group>"; };
		FDB3FFF315F72F8A0003CC60 /* Countly_OpenUDID.h */ = {isa = PBXFileReference; fileEncoding = 4; lastKnownFileType = sourcecode.c.h; path = Countly_OpenUDID.h; sourceTree = "<group>"; };
		FDB3FFF415F72F8A0003CC60 /* Countly_OpenUDID.m */ = {isa = PBXFileReference; fileEncoding = 4; lastKnownFileType = sourcecode.c.objc; path = Countly_OpenUDID.m; sourceTree = "<group>"; };
		FDB3FFF515F72F8A0003CC60 /* README.md */ = {isa = PBXFileReference; fileEncoding = 4; lastKnownFileType = text; path = README.md; sourceTree = "<group>"; };
		FDB3FFFB15F72FBD0003CC60 /* CoreTelephony.framework */ = {isa = PBXFileReference; lastKnownFileType = wrapper.framework; name = CoreTelephony.framework; path = System/Library/Frameworks/CoreTelephony.framework; sourceTree = SDKROOT; };
		FDC48442154CFBE00035BB36 /* SpotAndGo.app */ = {isa = PBXFileReference; explicitFileType = wrapper.application; includeInIndex = 0; path = SpotAndGo.app; sourceTree = BUILT_PRODUCTS_DIR; };
		FDC48446154CFBE00035BB36 /* UIKit.framework */ = {isa = PBXFileReference; lastKnownFileType = wrapper.framework; name = UIKit.framework; path = System/Library/Frameworks/UIKit.framework; sourceTree = SDKROOT; };
		FDC48448154CFBE00035BB36 /* Foundation.framework */ = {isa = PBXFileReference; lastKnownFileType = wrapper.framework; name = Foundation.framework; path = System/Library/Frameworks/Foundation.framework; sourceTree = SDKROOT; };
		FDC4844A154CFBE00035BB36 /* CoreGraphics.framework */ = {isa = PBXFileReference; lastKnownFileType = wrapper.framework; name = CoreGraphics.framework; path = System/Library/Frameworks/CoreGraphics.framework; sourceTree = SDKROOT; };
		FDC4844E154CFBE00035BB36 /* SpotAndGo-Info.plist */ = {isa = PBXFileReference; lastKnownFileType = text.plist.xml; path = "SpotAndGo-Info.plist"; sourceTree = "<group>"; };
		FDC48452154CFBE00035BB36 /* main.m */ = {isa = PBXFileReference; lastKnownFileType = sourcecode.c.objc; path = main.m; sourceTree = "<group>"; };
		FDC48454154CFBE00035BB36 /* SpotAndGo-Prefix.pch */ = {isa = PBXFileReference; lastKnownFileType = sourcecode.c.h; path = "SpotAndGo-Prefix.pch"; sourceTree = "<group>"; };
		FDC48455154CFBE00035BB36 /* SGAppDelegate.h */ = {isa = PBXFileReference; lastKnownFileType = sourcecode.c.h; path = SGAppDelegate.h; sourceTree = "<group>"; };
		FDC48456154CFBE00035BB36 /* SGAppDelegate.m */ = {isa = PBXFileReference; lastKnownFileType = sourcecode.c.objc; path = SGAppDelegate.m; sourceTree = "<group>"; };
		FDC48459154CFBE00035BB36 /* en */ = {isa = PBXFileReference; lastKnownFileType = file.storyboard; name = en; path = en.lproj/MainStoryboard.storyboard; sourceTree = "<group>"; };
		FDC4845B154CFBE00035BB36 /* SGViewController.h */ = {isa = PBXFileReference; lastKnownFileType = sourcecode.c.h; path = SGViewController.h; sourceTree = "<group>"; };
		FDC4845C154CFBE00035BB36 /* SGViewController.m */ = {isa = PBXFileReference; lastKnownFileType = sourcecode.c.objc; path = SGViewController.m; sourceTree = "<group>"; };
		FDC48471154CFD530035BB36 /* SGMapViewController.h */ = {isa = PBXFileReference; fileEncoding = 4; lastKnownFileType = sourcecode.c.h; path = SGMapViewController.h; sourceTree = "<group>"; };
		FDC48472154CFD530035BB36 /* SGMapViewController.m */ = {isa = PBXFileReference; fileEncoding = 4; lastKnownFileType = sourcecode.c.objc; path = SGMapViewController.m; sourceTree = "<group>"; };
		FDC48474154CFD970035BB36 /* MapKit.framework */ = {isa = PBXFileReference; lastKnownFileType = wrapper.framework; name = MapKit.framework; path = System/Library/Frameworks/MapKit.framework; sourceTree = SDKROOT; };
		FDC48499154D02FF0035BB36 /* SVHTTPClient.h */ = {isa = PBXFileReference; fileEncoding = 4; lastKnownFileType = sourcecode.c.h; path = SVHTTPClient.h; sourceTree = "<group>"; };
		FDC4849A154D02FF0035BB36 /* SVHTTPClient.m */ = {isa = PBXFileReference; fileEncoding = 4; lastKnownFileType = sourcecode.c.objc; path = SVHTTPClient.m; sourceTree = "<group>"; };
		FDC4849B154D02FF0035BB36 /* SVHTTPRequest.h */ = {isa = PBXFileReference; fileEncoding = 4; lastKnownFileType = sourcecode.c.h; path = SVHTTPRequest.h; sourceTree = "<group>"; };
		FDC4849C154D02FF0035BB36 /* SVHTTPRequest.m */ = {isa = PBXFileReference; fileEncoding = 4; lastKnownFileType = sourcecode.c.objc; path = SVHTTPRequest.m; sourceTree = "<group>"; };
		FDC484C4154D07C70035BB36 /* SGConstants.h */ = {isa = PBXFileReference; lastKnownFileType = sourcecode.c.h; path = SGConstants.h; sourceTree = "<group>"; };
		FDC484C5154D09970035BB36 /* CoreLocation.framework */ = {isa = PBXFileReference; lastKnownFileType = wrapper.framework; name = CoreLocation.framework; path = System/Library/Frameworks/CoreLocation.framework; sourceTree = SDKROOT; };
		FDC484C7154D0EE10035BB36 /* navbar.png */ = {isa = PBXFileReference; lastKnownFileType = image.png; path = navbar.png; sourceTree = "<group>"; };
		FDC484C8154D0EE10035BB36 /* navbar@2x.png */ = {isa = PBXFileReference; lastKnownFileType = image.png; path = "navbar@2x.png"; sourceTree = "<group>"; };
		FDC484CB154D10D30035BB36 /* SGDetailCardViewController.h */ = {isa = PBXFileReference; fileEncoding = 4; lastKnownFileType = sourcecode.c.h; path = SGDetailCardViewController.h; sourceTree = "<group>"; };
		FDC484D2154D16D60035BB36 /* QuartzCore.framework */ = {isa = PBXFileReference; lastKnownFileType = wrapper.framework; name = QuartzCore.framework; path = System/Library/Frameworks/QuartzCore.framework; sourceTree = SDKROOT; };
		FDC484DD154D43C40035BB36 /* SGAnnotation.m */ = {isa = PBXFileReference; lastKnownFileType = sourcecode.c.objc; path = SGAnnotation.m; sourceTree = "<group>"; };
		FDC48527154DCCA50035BB36 /* postscreen_location_placeholder.png */ = {isa = PBXFileReference; lastKnownFileType = image.png; path = postscreen_location_placeholder.png; sourceTree = "<group>"; };
		FDC48529154DD6A60035BB36 /* gplaypattern.png */ = {isa = PBXFileReference; lastKnownFileType = image.png; path = gplaypattern.png; sourceTree = "<group>"; };
		FDC4852B154DDF7E0035BB36 /* Default@2x.png */ = {isa = PBXFileReference; lastKnownFileType = image.png; path = "Default@2x.png"; sourceTree = "<group>"; };
		FDC4852D154DE08E0035BB36 /* spotgo_logo@2x.png */ = {isa = PBXFileReference; lastKnownFileType = image.png; path = "spotgo_logo@2x.png"; sourceTree = "<group>"; };
		FDC4852F154DE34F0035BB36 /* eat.png */ = {isa = PBXFileReference; lastKnownFileType = image.png; path = eat.png; sourceTree = "<group>"; };
		FDC48530154DE34F0035BB36 /* play.png */ = {isa = PBXFileReference; lastKnownFileType = image.png; path = play.png; sourceTree = "<group>"; };
		FDC48531154DE34F0035BB36 /* shop.png */ = {isa = PBXFileReference; lastKnownFileType = image.png; path = shop.png; sourceTree = "<group>"; };
		FDC48532154DE3500035BB36 /* watch.png */ = {isa = PBXFileReference; lastKnownFileType = image.png; path = watch.png; sourceTree = "<group>"; };
		FDC48537154DE4A80035BB36 /* logo.png */ = {isa = PBXFileReference; lastKnownFileType = image.png; path = logo.png; sourceTree = "<group>"; };
		FDC48538154DE4A90035BB36 /* logo@2x.png */ = {isa = PBXFileReference; lastKnownFileType = image.png; path = "logo@2x.png"; sourceTree = "<group>"; };
		FDC4853B154DEFA90035BB36 /* Icon@2x.png */ = {isa = PBXFileReference; lastKnownFileType = image.png; name = "Icon@2x.png"; path = "../Icon@2x.png"; sourceTree = "<group>"; };
		FDC4853D154DEFF90035BB36 /* Icon.png */ = {isa = PBXFileReference; lastKnownFileType = image.png; name = Icon.png; path = ../Icon.png; sourceTree = "<group>"; };
		FDC4853F154DF1F80035BB36 /* Location.gpx */ = {isa = PBXFileReference; lastKnownFileType = text.xml; name = Location.gpx; path = ../Location.gpx; sourceTree = "<group>"; };
		FDC48586154F11AA0035BB36 /* dropdown-alert.png */ = {isa = PBXFileReference; lastKnownFileType = image.png; path = "dropdown-alert.png"; sourceTree = "<group>"; };
		FDC48587154F11AA0035BB36 /* dropdown-alert@2x.png */ = {isa = PBXFileReference; lastKnownFileType = image.png; path = "dropdown-alert@2x.png"; sourceTree = "<group>"; };
		FDC4858C154F11B60035BB36 /* bg-yellow.png */ = {isa = PBXFileReference; lastKnownFileType = image.png; path = "bg-yellow.png"; sourceTree = "<group>"; };
		FDC4858D154F11B60035BB36 /* bg-yellow@2x.png */ = {isa = PBXFileReference; lastKnownFileType = image.png; path = "bg-yellow@2x.png"; sourceTree = "<group>"; };
		FDC4858E154F11B60035BB36 /* YRDropdownView.h */ = {isa = PBXFileReference; fileEncoding = 4; lastKnownFileType = sourcecode.c.h; path = YRDropdownView.h; sourceTree = "<group>"; };
		FDC4858F154F11B60035BB36 /* YRDropdownView.m */ = {isa = PBXFileReference; fileEncoding = 4; lastKnownFileType = sourcecode.c.objc; path = YRDropdownView.m; sourceTree = "<group>"; };
		FDC48593154F33840035BB36 /* NVPolylineAnnotation.h */ = {isa = PBXFileReference; lastKnownFileType = sourcecode.c.h; path = NVPolylineAnnotation.h; sourceTree = "<group>"; };
		FDC48594154F33840035BB36 /* NVPolylineAnnotation.m */ = {isa = PBXFileReference; lastKnownFileType = sourcecode.c.objc; path = NVPolylineAnnotation.m; sourceTree = "<group>"; };
		FDC48595154F33850035BB36 /* NVPolylineAnnotationView.h */ = {isa = PBXFileReference; lastKnownFileType = sourcecode.c.h; path = NVPolylineAnnotationView.h; sourceTree = "<group>"; };
		FDC48596154F33850035BB36 /* NVPolylineAnnotationView.m */ = {isa = PBXFileReference; lastKnownFileType = sourcecode.c.objc; path = NVPolylineAnnotationView.m; sourceTree = "<group>"; };
/* End PBXFileReference section */

/* Begin PBXFrameworksBuildPhase section */
		FDC4843F154CFBE00035BB36 /* Frameworks */ = {
			isa = PBXFrameworksBuildPhase;
			buildActionMask = 2147483647;
			files = (
				FDB3FFFC15F72FBD0003CC60 /* CoreTelephony.framework in Frameworks */,
				FD8FA61915F49B0C000ECBEC /* AddressBook.framework in Frameworks */,
				FD8D61FA1551F86E00F4B326 /* CoreText.framework in Frameworks */,
				FD8D61391550ACBA00F4B326 /* CFNetwork.framework in Frameworks */,
				FD8D61371550ACAF00F4B326 /* libsqlite3.0.dylib in Frameworks */,
				FD8D60CB154F4A6200F4B326 /* libz.1.2.5.dylib in Frameworks */,
				FDC484D3154D16D60035BB36 /* QuartzCore.framework in Frameworks */,
				FDC4844B154CFBE00035BB36 /* CoreGraphics.framework in Frameworks */,
				FDC484C6154D09970035BB36 /* CoreLocation.framework in Frameworks */,
				FDC48475154CFD970035BB36 /* MapKit.framework in Frameworks */,
				FDC48447154CFBE00035BB36 /* UIKit.framework in Frameworks */,
				FDC48449154CFBE00035BB36 /* Foundation.framework in Frameworks */,
				FD8D60C8154F471B00F4B326 /* libTestFlight.a in Frameworks */,
				FD8D610D15505A6600F4B326 /* libFlurryAnalytics.a in Frameworks */,
				FD8D61341550AAFE00F4B326 /* libGoogleAnalytics.a in Frameworks */,
				FD8D61351550AAFE00F4B326 /* libGoogleAnalytics_NoThumb.a in Frameworks */,
				FD8D133415F4C04700A4C749 /* Crashlytics.framework in Frameworks */,
			);
			runOnlyForDeploymentPostprocessing = 0;
		};
/* End PBXFrameworksBuildPhase section */

/* Begin PBXGroup section */
		FD537FC215F1FB2D0016447B /* Vendor */ = {
			isa = PBXGroup;
			children = (
				FD5380B315F221D70016447B /* Development */,
				FD537FC315F1FB330016447B /* Production */,
			);
			name = Vendor;
			sourceTree = "<group>";
		};
		FD537FC315F1FB330016447B /* Production */ = {
			isa = PBXGroup;
			children = (
				FDB3FFEF15F72F8A0003CC60 /* Countly */,
				FD537FD715F1FB9F0016447B /* nimbus */,
				FD537FD315F1FB6A0016447B /* RCLocationManager */,
				FD537FD215F1FB520016447B /* MPFlipViewController */,
			);
			name = Production;
			sourceTree = "<group>";
		};
		FD537FD215F1FB520016447B /* MPFlipViewController */ = {
			isa = PBXGroup;
			children = (
				FD537FC415F1FB4D0016447B /* MPAnimation.h */,
				FD537FC515F1FB4D0016447B /* MPAnimation.m */,
				FD537FC615F1FB4D0016447B /* MPFlipEnumerations.h */,
				FD537FC715F1FB4D0016447B /* MPFlipTransition.h */,
				FD537FC815F1FB4D0016447B /* MPFlipTransition.m */,
				FD537FC915F1FB4D0016447B /* MPFlipViewController.h */,
				FD537FCA15F1FB4D0016447B /* MPFlipViewController.m */,
				FD537FCB15F1FB4D0016447B /* MPTransition.h */,
				FD537FCC15F1FB4D0016447B /* MPTransition.m */,
				FD537FCD15F1FB4D0016447B /* MPTransitionEnumerations.h */,
			);
			name = MPFlipViewController;
			sourceTree = "<group>";
		};
		FD537FD315F1FB6A0016447B /* RCLocationManager */ = {
			isa = PBXGroup;
			children = (
				FD537FD415F1FB6A0016447B /* RCLocationManager.h */,
				FD537FD515F1FB6A0016447B /* RCLocationManager.m */,
			);
			name = RCLocationManager;
			path = Vendor/Production/RCLocationManager/RCLocationManager;
			sourceTree = SOURCE_ROOT;
		};
		FD537FD715F1FB9F0016447B /* nimbus */ = {
			isa = PBXGroup;
			children = (
				FD53802915F201F00016447B /* thirdparty */,
				FD53802015F1FC470016447B /* AttributedLabel */,
				FD53801715F1FBEC0016447B /* NetworkImage */,
				FD537FD815F1FBA40016447B /* Core */,
			);
			name = nimbus;
			sourceTree = "<group>";
		};
		FD537FD815F1FBA40016447B /* Core */ = {
			isa = PBXGroup;
			children = (
				FD537FD915F1FBB90016447B /* NICommonMetrics.h */,
				FD537FDA15F1FBB90016447B /* NICommonMetrics.m */,
				FD537FDB15F1FBB90016447B /* NIDataStructures.h */,
				FD537FDC15F1FBB90016447B /* NIDataStructures.m */,
				FD537FDD15F1FBB90016447B /* NIDebuggingTools.h */,
				FD537FDE15F1FBB90016447B /* NIDebuggingTools.m */,
				FD537FDF15F1FBB90016447B /* NIDeviceOrientation.h */,
				FD537FE015F1FBB90016447B /* NIDeviceOrientation.m */,
				FD537FE115F1FBB90016447B /* NIError.h */,
				FD537FE215F1FBB90016447B /* NIError.m */,
				FD537FE315F1FBB90016447B /* NIFoundationMethods.h */,
				FD537FE415F1FBB90016447B /* NIFoundationMethods.m */,
				FD537FE515F1FBB90016447B /* NIInMemoryCache.h */,
				FD537FE615F1FBB90016447B /* NIInMemoryCache.m */,
				FD537FE715F1FBB90016447B /* NimbusCore.h */,
				FD537FE815F1FBB90016447B /* NimbusCore+Additions.h */,
				FD537FE915F1FBB90016447B /* NimbusCore+Namespace.h */,
				FD537FEA15F1FBB90016447B /* NINavigationAppearance.h */,
				FD537FEB15F1FBB90016447B /* NINavigationAppearance.m */,
				FD537FEC15F1FBB90016447B /* NINetworkActivity.h */,
				FD537FED15F1FBB90016447B /* NINetworkActivity.m */,
				FD537FEE15F1FBB90016447B /* NINonEmptyCollectionTesting.h */,
				FD537FEF15F1FBB90016447B /* NINonEmptyCollectionTesting.m */,
				FD537FF015F1FBB90016447B /* NINonRetainingCollections.h */,
				FD537FF115F1FBB90016447B /* NINonRetainingCollections.m */,
				FD537FF215F1FBB90016447B /* NIOperations.h */,
				FD537FF315F1FBB90016447B /* NIOperations.m */,
				FD537FF415F1FBB90016447B /* NIOperations+Subclassing.h */,
				FD537FF515F1FBB90016447B /* NIPaths.h */,
				FD537FF615F1FBB90016447B /* NIPaths.m */,
				FD537FF715F1FBB90016447B /* NIPreprocessorMacros.h */,
				FD537FF815F1FBB90016447B /* NIRuntimeClassModifications.h */,
				FD537FF915F1FBB90016447B /* NIRuntimeClassModifications.m */,
				FD537FFA15F1FBB90016447B /* NISDKAvailability.h */,
				FD537FFB15F1FBB90016447B /* NISDKAvailability.m */,
				FD537FFC15F1FBB90016447B /* NISnapshotRotation.h */,
				FD537FFD15F1FBB90016447B /* NISnapshotRotation.m */,
				FD537FFE15F1FBB90016447B /* NIState.h */,
				FD537FFF15F1FBB90016447B /* NIState.m */,
				FD53800015F1FBB90016447B /* NIViewRecycler.h */,
				FD53800115F1FBB90016447B /* NIViewRecycler.m */,
				FD53800215F1FBB90016447B /* NSString+NimbusCore.h */,
				FD53800315F1FBB90016447B /* NSString+NimbusCore.m */,
			);
			name = Core;
			sourceTree = "<group>";
		};
		FD53801715F1FBEC0016447B /* NetworkImage */ = {
			isa = PBXGroup;
			children = (
				FD53801815F1FBF90016447B /* NIImageProcessing.h */,
				FD53801915F1FBF90016447B /* NIImageProcessing.m */,
				FD53801A15F1FBF90016447B /* NimbusNetworkImage.h */,
				FD53801B15F1FBF90016447B /* NimbusNetworkImage+Namespace.h */,
				FD53801C15F1FBF90016447B /* NINetworkImageView.h */,
				FD53801D15F1FBF90016447B /* NINetworkImageView.m */,
			);
			name = NetworkImage;
			sourceTree = "<group>";
		};
		FD53802015F1FC470016447B /* AttributedLabel */ = {
			isa = PBXGroup;
			children = (
				FD53802115F1FC530016447B /* NIAttributedLabel.h */,
				FD53802215F1FC530016447B /* NIAttributedLabel.m */,
				FD53802315F1FC530016447B /* NimbusAttributedLabel.h */,
				FD53802415F1FC530016447B /* NimbusAttributedLabel+Namespace.h */,
				FD53802515F1FC530016447B /* NSMutableAttributedString+NimbusAttributedLabel.h */,
				FD53802615F1FC530016447B /* NSMutableAttributedString+NimbusAttributedLabel.m */,
			);
			name = AttributedLabel;
			sourceTree = "<group>";
		};
		FD53802915F201F00016447B /* thirdparty */ = {
			isa = PBXGroup;
			children = (
				FD53802A15F201F00016447B /* AFNetworking */,
				FD53806B15F201F00016447B /* JSONKit */,
			);
			name = thirdparty;
			path = Vendor/Production/nimbus/thirdparty;
			sourceTree = SOURCE_ROOT;
		};
		FD53802A15F201F00016447B /* AFNetworking */ = {
			isa = PBXGroup;
			children = (
				FD53802C15F201F00016447B /* AFHTTPClient.h */,
				FD53802D15F201F00016447B /* AFHTTPClient.m */,
				FD53802E15F201F00016447B /* AFHTTPRequestOperation.h */,
				FD53802F15F201F00016447B /* AFHTTPRequestOperation.m */,
				FD53803015F201F00016447B /* AFImageRequestOperation.h */,
				FD53803115F201F00016447B /* AFImageRequestOperation.m */,
				FD53803215F201F00016447B /* AFJSONRequestOperation.h */,
				FD53803315F201F00016447B /* AFJSONRequestOperation.m */,
				FD53803415F201F00016447B /* AFJSONUtilities.h */,
				FD53803515F201F00016447B /* AFJSONUtilities.m */,
				FD53803615F201F00016447B /* AFNetworkActivityIndicatorManager.h */,
				FD53803715F201F00016447B /* AFNetworkActivityIndicatorManager.m */,
				FD53803815F201F00016447B /* AFNetworking.h */,
				FD53803915F201F00016447B /* AFPropertyListRequestOperation.h */,
				FD53803A15F201F00016447B /* AFPropertyListRequestOperation.m */,
				FD53803B15F201F00016447B /* AFURLConnectionOperation.h */,
				FD53803C15F201F00016447B /* AFURLConnectionOperation.m */,
				FD53803D15F201F00016447B /* AFXMLRequestOperation.h */,
				FD53803E15F201F00016447B /* AFXMLRequestOperation.m */,
				FD53803F15F201F00016447B /* UIImageView+AFNetworking.h */,
				FD53804015F201F00016447B /* UIImageView+AFNetworking.m */,
			);
			path = AFNetworking;
			sourceTree = "<group>";
		};
		FD53806B15F201F00016447B /* JSONKit */ = {
			isa = PBXGroup;
			children = (
				FD53806C15F201F00016447B /* CHANGELOG.md */,
				FD53806D15F201F00016447B /* JSONKit.h */,
				FD53806E15F201F00016447B /* JSONKit.m */,
				FD53806F15F201F00016447B /* README.md */,
			);
			path = JSONKit;
			sourceTree = "<group>";
		};
		FD5380A715F210290016447B /* Models */ = {
			isa = PBXGroup;
			children = (
				FD5380A815F210470016447B /* SGPlace.h */,
				FD5380A915F210470016447B /* SGPlace.m */,
			);
			name = Models;
			sourceTree = "<group>";
		};
		FD5380AB15F2112C0016447B /* Network */ = {
			isa = PBXGroup;
			children = (
				FD5380AC15F211510016447B /* SGNetworkManager.h */,
				FD5380AD15F211510016447B /* SGNetworkManager.m */,
			);
			name = Network;
			sourceTree = "<group>";
		};
		FD5380AF15F217700016447B /* Results */ = {
			isa = PBXGroup;
			children = (
				FDC484CB154D10D30035BB36 /* SGDetailCardViewController.h */,
				FD5380A115F205900016447B /* SGDetailCardViewController.m */,
				FD8FA61415F4871D000ECBEC /* SGPlaceDetailsViewController.h */,
				FD8FA61515F4871D000ECBEC /* SGPlaceDetailsViewController.m */,
				FD5380B015F217990016447B /* SGPlaceImageViewController.h */,
				FD5380B115F217990016447B /* SGPlaceImageViewController.m */,
			);
			name = Results;
			sourceTree = "<group>";
		};
		FD5380B315F221D70016447B /* Development */ = {
			isa = PBXGroup;
			children = (
				FD5380B415F221ED0016447B /* DCIntrospect */,
			);
			name = Development;
			sourceTree = "<group>";
		};
		FD5380B415F221ED0016447B /* DCIntrospect */ = {
			isa = PBXGroup;
			children = (
				FD5380B515F221ED0016447B /* DCCrossHairView.h */,
				FD5380B615F221ED0016447B /* DCCrossHairView.m */,
				FD5380B715F221ED0016447B /* DCFrameView.h */,
				FD5380B815F221ED0016447B /* DCFrameView.m */,
				FD5380B915F221ED0016447B /* DCIntrospect.h */,
				FD5380BA15F221ED0016447B /* DCIntrospect.m */,
				FD5380BB15F221ED0016447B /* DCIntrospectSettings.h */,
				FD5380BC15F221ED0016447B /* DCStatusBarOverlay.h */,
				FD5380BD15F221ED0016447B /* DCStatusBarOverlay.m */,
			);
			name = DCIntrospect;
			path = Vendor/Development/DCIntrospect/DCIntrospect;
			sourceTree = SOURCE_ROOT;
		};
		FD5907CD1553017C00678CB7 /* Polylines */ = {
			isa = PBXGroup;
			children = (
				FDC48593154F33840035BB36 /* NVPolylineAnnotation.h */,
				FDC48594154F33840035BB36 /* NVPolylineAnnotation.m */,
				FDC48595154F33850035BB36 /* NVPolylineAnnotationView.h */,
				FDC48596154F33850035BB36 /* NVPolylineAnnotationView.m */,
			);
			name = Polylines;
			sourceTree = "<group>";
		};
		FD8D610A15505A6600F4B326 /* FlurryAnalytics */ = {
			isa = PBXGroup;
			children = (
				FD8D610B15505A6600F4B326 /* FlurryAnalytics.h */,
				FD8D610C15505A6600F4B326 /* libFlurryAnalytics.a */,
			);
			name = FlurryAnalytics;
			path = ../FlurryAnalytics;
			sourceTree = "<group>";
		};
		FD8D61131550A4A900F4B326 /* OpenUDID */ = {
			isa = PBXGroup;
			children = (
				FD8D61141550A4A900F4B326 /* OpenUDID.h */,
				FD8D61151550A4A900F4B326 /* OpenUDID.m */,
				FD8D61161550A4A900F4B326 /* README.md */,
			);
			path = OpenUDID;
			sourceTree = SOURCE_ROOT;
		};
		FD8D61191550A5BD00F4B326 /* MPLib */ = {
			isa = PBXGroup;
			children = (
				FD8D611A1550A5BE00F4B326 /* lib */,
				FD8D61251550A5BE00F4B326 /* MixpanelAPI.h */,
				FD8D61261550A5BE00F4B326 /* MixpanelAPI.m */,
				FD8D61271550A5BE00F4B326 /* MixpanelEvent.h */,
				FD8D61281550A5BE00F4B326 /* MixpanelEvent.m */,
			);
			path = MPLib;
			sourceTree = "<group>";
		};
		FD8D611A1550A5BE00F4B326 /* lib */ = {
			isa = PBXGroup;
			children = (
				FD8D611B1550A5BE00F4B326 /* JSON */,
				FD8D61221550A5BE00F4B326 /* NSData_Base64 */,
			);
			path = lib;
			sourceTree = "<group>";
		};
		FD8D611B1550A5BE00F4B326 /* JSON */ = {
			isa = PBXGroup;
			children = (
				FD8D611C1550A5BE00F4B326 /* MPCJSONDataSerializer.h */,
				FD8D611D1550A5BE00F4B326 /* MPCJSONDataSerializer.m */,
				FD8D611E1550A5BE00F4B326 /* MPCJSONSerializer.h */,
				FD8D611F1550A5BE00F4B326 /* MPCJSONSerializer.m */,
				FD8D61201550A5BE00F4B326 /* MPCSerializedJSONData.h */,
				FD8D61211550A5BE00F4B326 /* MPCSerializedJSONData.m */,
			);
			path = JSON;
			sourceTree = "<group>";
		};
		FD8D61221550A5BE00F4B326 /* NSData_Base64 */ = {
			isa = PBXGroup;
			children = (
				FD8D61231550A5BE00F4B326 /* NSData+MPBase64.h */,
				FD8D61241550A5BE00F4B326 /* NSData+MPBase64.m */,
			);
			path = NSData_Base64;
			sourceTree = "<group>";
		};
		FD8D612F1550A5C300F4B326 /* Analytics */ = {
			isa = PBXGroup;
			children = (
				FD8D61301550AAFE00F4B326 /* Library */,
				FD8D60C9154F472600F4B326 /* TestFlight.h */,
				FD8D610A15505A6600F4B326 /* FlurryAnalytics */,
				FD8D60C7154F471B00F4B326 /* libTestFlight.a */,
				FD8D61131550A4A900F4B326 /* OpenUDID */,
				FD8D61191550A5BD00F4B326 /* MPLib */,
			);
			name = Analytics;
			sourceTree = "<group>";
		};
		FD8D61301550AAFE00F4B326 /* Library */ = {
			isa = PBXGroup;
			children = (
				FD8D61311550AAFE00F4B326 /* GANTracker.h */,
				FD8D61321550AAFE00F4B326 /* libGoogleAnalytics.a */,
				FD8D61331550AAFE00F4B326 /* libGoogleAnalytics_NoThumb.a */,
			);
			path = Library;
			sourceTree = "<group>";
		};
		FDB3FFEF15F72F8A0003CC60 /* Countly */ = {
			isa = PBXGroup;
			children = (
				FDB3FFF015F72F8A0003CC60 /* .gitattributes */,
				FDB3FFF115F72F8A0003CC60 /* Countly.h */,
				FDB3FFF215F72F8A0003CC60 /* Countly.m */,
				FDB3FFF315F72F8A0003CC60 /* Countly_OpenUDID.h */,
				FDB3FFF415F72F8A0003CC60 /* Countly_OpenUDID.m */,
				FDB3FFF515F72F8A0003CC60 /* README.md */,
			);
			name = Countly;
			path = Vendor/Production/Countly;
			sourceTree = SOURCE_ROOT;
		};
		FDC48437154CFBDF0035BB36 = {
			isa = PBXGroup;
			children = (
				FDC4844C154CFBE00035BB36 /* SpotAndGo */,
				FDC48445154CFBE00035BB36 /* Frameworks */,
				FDC48443154CFBE00035BB36 /* Products */,
			);
			sourceTree = "<group>";
		};
		FDC48443154CFBE00035BB36 /* Products */ = {
			isa = PBXGroup;
			children = (
				FDC48442154CFBE00035BB36 /* SpotAndGo.app */,
			);
			name = Products;
			sourceTree = "<group>";
		};
		FDC48445154CFBE00035BB36 /* Frameworks */ = {
			isa = PBXGroup;
			children = (
				FDB3FFFB15F72FBD0003CC60 /* CoreTelephony.framework */,
				FD8FA61815F49B0C000ECBEC /* AddressBook.framework */,
				FD8D133315F4C04700A4C749 /* Crashlytics.framework */,
				FD8D61361550ACAF00F4B326 /* libsqlite3.0.dylib */,
				FD8D60CA154F4A6200F4B326 /* libz.1.2.5.dylib */,
				FD8D61F91551F86E00F4B326 /* CoreText.framework */,
				FD8D61381550ACBA00F4B326 /* CFNetwork.framework */,
				FDC484D2154D16D60035BB36 /* QuartzCore.framework */,
				FDC484C5154D09970035BB36 /* CoreLocation.framework */,
				FDC48474154CFD970035BB36 /* MapKit.framework */,
				FDC48446154CFBE00035BB36 /* UIKit.framework */,
				FDC48448154CFBE00035BB36 /* Foundation.framework */,
				FDC4844A154CFBE00035BB36 /* CoreGraphics.framework */,
			);
			name = Frameworks;
			sourceTree = "<group>";
		};
		FDC4844C154CFBE00035BB36 /* SpotAndGo */ = {
			isa = PBXGroup;
			children = (
				FD537FC215F1FB2D0016447B /* Vendor */,
				FD8D612F1550A5C300F4B326 /* Analytics */,
				FD5907CD1553017C00678CB7 /* Polylines */,
				FDC4858B154F11B60035BB36 /* YRDropdownView */,
				FDC48498154D02FF0035BB36 /* SVHTTPRequest */,
				FDC48455154CFBE00035BB36 /* SGAppDelegate.h */,
				FDC48456154CFBE00035BB36 /* SGAppDelegate.m */,
				FD5907EE155488A000678CB7 /* SGAnnotation.h */,
				FDC484DD154D43C40035BB36 /* SGAnnotation.m */,
				FDC48471154CFD530035BB36 /* SGMapViewController.h */,
				FDC48472154CFD530035BB36 /* SGMapViewController.m */,
				FDC4845B154CFBE00035BB36 /* SGViewController.h */,
				FDC4845C154CFBE00035BB36 /* SGViewController.m */,
				FD5380AB15F2112C0016447B /* Network */,
				FD5380A715F210290016447B /* Models */,
				FDC4844D154CFBE00035BB36 /* Supporting Files */,
				FDC484C4154D07C70035BB36 /* SGConstants.h */,
				FDC48458154CFBE00035BB36 /* MainStoryboard.storyboard */,
				FD5380AF15F217700016447B /* Results */,
				FDC484BF154D065E0035BB36 /* images */,
			);
			path = SpotAndGo;
			sourceTree = "<group>";
		};
		FDC4844D154CFBE00035BB36 /* Supporting Files */ = {
			isa = PBXGroup;
			children = (
				FDC4853F154DF1F80035BB36 /* Location.gpx */,
				FDC4844E154CFBE00035BB36 /* SpotAndGo-Info.plist */,
				FDC48452154CFBE00035BB36 /* main.m */,
				FDC48454154CFBE00035BB36 /* SpotAndGo-Prefix.pch */,
			);
			name = "Supporting Files";
			sourceTree = "<group>";
		};
		FDC48498154D02FF0035BB36 /* SVHTTPRequest */ = {
			isa = PBXGroup;
			children = (
				FDC48499154D02FF0035BB36 /* SVHTTPClient.h */,
				FDC4849A154D02FF0035BB36 /* SVHTTPClient.m */,
				FDC4849B154D02FF0035BB36 /* SVHTTPRequest.h */,
				FDC4849C154D02FF0035BB36 /* SVHTTPRequest.m */,
			);
			name = SVHTTPRequest;
			path = ../SVHTTPRequest/SVHTTPRequest;
			sourceTree = "<group>";
		};
		FDC484BF154D065E0035BB36 /* images */ = {
			isa = PBXGroup;
			children = (
				FDC4853D154DEFF90035BB36 /* Icon.png */,
				FDC4853B154DEFA90035BB36 /* Icon@2x.png */,
				FDC48586154F11AA0035BB36 /* dropdown-alert.png */,
				FDC48587154F11AA0035BB36 /* dropdown-alert@2x.png */,
				FDC48537154DE4A80035BB36 /* logo.png */,
				FDC48538154DE4A90035BB36 /* logo@2x.png */,
				FDC4852F154DE34F0035BB36 /* eat.png */,
				FDC48530154DE34F0035BB36 /* play.png */,
				FDC48531154DE34F0035BB36 /* shop.png */,
				FDC48532154DE3500035BB36 /* watch.png */,
				FDC4852D154DE08E0035BB36 /* spotgo_logo@2x.png */,
				FDC4852B154DDF7E0035BB36 /* Default@2x.png */,
				FDC48529154DD6A60035BB36 /* gplaypattern.png */,
				FDC48527154DCCA50035BB36 /* postscreen_location_placeholder.png */,
				FDC484C7154D0EE10035BB36 /* navbar.png */,
				FDC484C8154D0EE10035BB36 /* navbar@2x.png */,
			);
			path = images;
			sourceTree = "<group>";
		};
		FDC4858B154F11B60035BB36 /* YRDropdownView */ = {
			isa = PBXGroup;
			children = (
				FDC4858C154F11B60035BB36 /* bg-yellow.png */,
				FDC4858D154F11B60035BB36 /* bg-yellow@2x.png */,
				FDC4858E154F11B60035BB36 /* YRDropdownView.h */,
				FDC4858F154F11B60035BB36 /* YRDropdownView.m */,
			);
			path = YRDropdownView;
			sourceTree = "<group>";
		};
/* End PBXGroup section */

/* Begin PBXNativeTarget section */
		FDC48441154CFBE00035BB36 /* SpotAndGo */ = {
			isa = PBXNativeTarget;
			buildConfigurationList = FDC48460154CFBE00035BB36 /* Build configuration list for PBXNativeTarget "SpotAndGo" */;
			buildPhases = (
				FDC4843E154CFBE00035BB36 /* Sources */,
				FDC4843F154CFBE00035BB36 /* Frameworks */,
				FDC48440154CFBE00035BB36 /* Resources */,
				FD8D133115F4BF0800A4C749 /* ShellScript */,
			);
			buildRules = (
			);
			dependencies = (
			);
			name = SpotAndGo;
			productName = SpotAndGo;
			productReference = FDC48442154CFBE00035BB36 /* SpotAndGo.app */;
			productType = "com.apple.product-type.application";
		};
/* End PBXNativeTarget section */

/* Begin PBXProject section */
		FDC48439154CFBDF0035BB36 /* Project object */ = {
			isa = PBXProject;
			attributes = {
				CLASSPREFIX = SG;
				LastUpgradeCheck = 0430;
			};
			buildConfigurationList = FDC4843C154CFBDF0035BB36 /* Build configuration list for PBXProject "SpotAndGo" */;
			compatibilityVersion = "Xcode 3.2";
			developmentRegion = English;
			hasScannedForEncodings = 0;
			knownRegions = (
				en,
			);
			mainGroup = FDC48437154CFBDF0035BB36;
			productRefGroup = FDC48443154CFBE00035BB36 /* Products */;
			projectDirPath = "";
			projectRoot = "";
			targets = (
				FDC48441154CFBE00035BB36 /* SpotAndGo */,
			);
		};
/* End PBXProject section */

/* Begin PBXResourcesBuildPhase section */
		FDC48440154CFBE00035BB36 /* Resources */ = {
			isa = PBXResourcesBuildPhase;
			buildActionMask = 2147483647;
			files = (
				FDC4845A154CFBE00035BB36 /* MainStoryboard.storyboard in Resources */,
				FDC484C9154D0EE10035BB36 /* navbar.png in Resources */,
				FDC484CA154D0EE10035BB36 /* navbar@2x.png in Resources */,
				FDC48528154DCCA50035BB36 /* postscreen_location_placeholder.png in Resources */,
				FDC4852A154DD6A60035BB36 /* gplaypattern.png in Resources */,
				FDC4852C154DDF7E0035BB36 /* Default@2x.png in Resources */,
				FDC4852E154DE08E0035BB36 /* spotgo_logo@2x.png in Resources */,
				FDC48533154DE3500035BB36 /* eat.png in Resources */,
				FDC48534154DE3500035BB36 /* play.png in Resources */,
				FDC48535154DE3500035BB36 /* shop.png in Resources */,
				FDC48536154DE3500035BB36 /* watch.png in Resources */,
				FDC48539154DE4A90035BB36 /* logo.png in Resources */,
				FDC4853A154DE4A90035BB36 /* logo@2x.png in Resources */,
				FDC4853C154DEFAA0035BB36 /* Icon@2x.png in Resources */,
				FDC4853E154DEFF90035BB36 /* Icon.png in Resources */,
				FDC48588154F11AA0035BB36 /* dropdown-alert.png in Resources */,
				FDC48589154F11AA0035BB36 /* dropdown-alert@2x.png in Resources */,
				FDC48590154F11B60035BB36 /* bg-yellow.png in Resources */,
				FDC48591154F11B60035BB36 /* bg-yellow@2x.png in Resources */,
				FD8D61181550A4A900F4B326 /* README.md in Resources */,
				FD53809815F201F00016447B /* CHANGELOG.md in Resources */,
				FD53809A15F201F00016447B /* README.md in Resources */,
				FDB3FFF615F72F8A0003CC60 /* .gitattributes in Resources */,
				FDB3FFF915F72F8A0003CC60 /* README.md in Resources */,
			);
			runOnlyForDeploymentPostprocessing = 0;
		};
/* End PBXResourcesBuildPhase section */

/* Begin PBXShellScriptBuildPhase section */
		FD8D133115F4BF0800A4C749 /* ShellScript */ = {
			isa = PBXShellScriptBuildPhase;
			buildActionMask = 2147483647;
			files = (
			);
			inputPaths = (
			);
			outputPaths = (
			);
			runOnlyForDeploymentPostprocessing = 0;
			shellPath = /bin/sh;
			shellScript = "./Crashlytics.framework/run ff6f76d45da103570f8070443d1760ea5199fc81";
		};
/* End PBXShellScriptBuildPhase section */

/* Begin PBXSourcesBuildPhase section */
		FDC4843E154CFBE00035BB36 /* Sources */ = {
			isa = PBXSourcesBuildPhase;
			buildActionMask = 2147483647;
			files = (
				FDC48453154CFBE00035BB36 /* main.m in Sources */,
				FDC48457154CFBE00035BB36 /* SGAppDelegate.m in Sources */,
				FDC4845D154CFBE00035BB36 /* SGViewController.m in Sources */,
				FDC48473154CFD530035BB36 /* SGMapViewController.m in Sources */,
				FDC484B2154D02FF0035BB36 /* SVHTTPClient.m in Sources */,
				FDC48598154F33920035BB36 /* NVPolylineAnnotation.m in Sources */,
				FDC48597154F33900035BB36 /* NVPolylineAnnotationView.m in Sources */,
				FDC484DE154D447C0035BB36 /* SGAnnotation.m in Sources */,
				FDC484B3154D02FF0035BB36 /* SVHTTPRequest.m in Sources */,
				FDC48592154F11B60035BB36 /* YRDropdownView.m in Sources */,
				FD8D61171550A4A900F4B326 /* OpenUDID.m in Sources */,
				FD8D61291550A5BE00F4B326 /* MPCJSONDataSerializer.m in Sources */,
				FD8D612A1550A5BE00F4B326 /* MPCJSONSerializer.m in Sources */,
				FD8D612B1550A5BE00F4B326 /* MPCSerializedJSONData.m in Sources */,
				FD8D612C1550A5BE00F4B326 /* NSData+MPBase64.m in Sources */,
				FD8D612D1550A5BE00F4B326 /* MixpanelAPI.m in Sources */,
				FD8D612E1550A5BE00F4B326 /* MixpanelEvent.m in Sources */,
				FD537FCE15F1FB4D0016447B /* MPAnimation.m in Sources */,
				FD537FCF15F1FB4D0016447B /* MPFlipTransition.m in Sources */,
				FD537FD015F1FB4D0016447B /* MPFlipViewController.m in Sources */,
				FD537FD115F1FB4D0016447B /* MPTransition.m in Sources */,
				FD537FD615F1FB6A0016447B /* RCLocationManager.m in Sources */,
				FD53800415F1FBB90016447B /* NICommonMetrics.m in Sources */,
				FD53800515F1FBB90016447B /* NIDataStructures.m in Sources */,
				FD53800615F1FBB90016447B /* NIDebuggingTools.m in Sources */,
				FD53800715F1FBB90016447B /* NIDeviceOrientation.m in Sources */,
				FD53800815F1FBB90016447B /* NIError.m in Sources */,
				FD53800915F1FBB90016447B /* NIFoundationMethods.m in Sources */,
				FD53800A15F1FBB90016447B /* NIInMemoryCache.m in Sources */,
				FD53800B15F1FBB90016447B /* NINavigationAppearance.m in Sources */,
				FD53800C15F1FBB90016447B /* NINetworkActivity.m in Sources */,
				FD53800D15F1FBB90016447B /* NINonEmptyCollectionTesting.m in Sources */,
				FD53800E15F1FBB90016447B /* NINonRetainingCollections.m in Sources */,
				FD53800F15F1FBB90016447B /* NIOperations.m in Sources */,
				FD53801015F1FBB90016447B /* NIPaths.m in Sources */,
				FD53801115F1FBB90016447B /* NIRuntimeClassModifications.m in Sources */,
				FD53801215F1FBB90016447B /* NISDKAvailability.m in Sources */,
				FD53801315F1FBB90016447B /* NISnapshotRotation.m in Sources */,
				FD53801415F1FBB90016447B /* NIState.m in Sources */,
				FD53801515F1FBB90016447B /* NIViewRecycler.m in Sources */,
				FD53801615F1FBB90016447B /* NSString+NimbusCore.m in Sources */,
				FD53801E15F1FBF90016447B /* NIImageProcessing.m in Sources */,
				FD53801F15F1FBF90016447B /* NINetworkImageView.m in Sources */,
				FD53802715F1FC530016447B /* NIAttributedLabel.m in Sources */,
				FD53802815F1FC530016447B /* NSMutableAttributedString+NimbusAttributedLabel.m in Sources */,
				FD53807815F201F00016447B /* AFHTTPClient.m in Sources */,
				FD53807915F201F00016447B /* AFHTTPRequestOperation.m in Sources */,
				FD53807A15F201F00016447B /* AFImageRequestOperation.m in Sources */,
				FD53807B15F201F00016447B /* AFJSONRequestOperation.m in Sources */,
				FD53807C15F201F00016447B /* AFJSONUtilities.m in Sources */,
				FD53807D15F201F00016447B /* AFNetworkActivityIndicatorManager.m in Sources */,
				FD53807E15F201F00016447B /* AFPropertyListRequestOperation.m in Sources */,
				FD53807F15F201F00016447B /* AFURLConnectionOperation.m in Sources */,
				FD53808015F201F00016447B /* AFXMLRequestOperation.m in Sources */,
				FD53808115F201F00016447B /* UIImageView+AFNetworking.m in Sources */,
				FD53809915F201F00016447B /* JSONKit.m in Sources */,
				FD5380A215F205910016447B /* SGDetailCardViewController.m in Sources */,
				FD5380AA15F210470016447B /* SGPlace.m in Sources */,
				FD5380AE15F211510016447B /* SGNetworkManager.m in Sources */,
				FD5380B215F217990016447B /* SGPlaceImageViewController.m in Sources */,
				FD5380BE15F221ED0016447B /* DCCrossHairView.m in Sources */,
				FD5380BF15F221ED0016447B /* DCFrameView.m in Sources */,
				FD5380C015F221ED0016447B /* DCIntrospect.m in Sources */,
				FD5380C115F221ED0016447B /* DCStatusBarOverlay.m in Sources */,
				FD8FA61615F4871D000ECBEC /* SGPlaceDetailsViewController.m in Sources */,
				FDB3FFF715F72F8A0003CC60 /* Countly.m in Sources */,
				FDB3FFF815F72F8A0003CC60 /* Countly_OpenUDID.m in Sources */,
			);
			runOnlyForDeploymentPostprocessing = 0;
		};
/* End PBXSourcesBuildPhase section */

/* Begin PBXVariantGroup section */
		FDC48458154CFBE00035BB36 /* MainStoryboard.storyboard */ = {
			isa = PBXVariantGroup;
			children = (
				FDC48459154CFBE00035BB36 /* en */,
			);
			name = MainStoryboard.storyboard;
			sourceTree = "<group>";
		};
/* End PBXVariantGroup section */

/* Begin XCBuildConfiguration section */
		FDC4845E154CFBE00035BB36 /* Debug */ = {
			isa = XCBuildConfiguration;
			buildSettings = {
				ALWAYS_SEARCH_USER_PATHS = NO;
				ARCHS = "$(ARCHS_STANDARD_32_BIT)";
				CLANG_ENABLE_OBJC_ARC = YES;
				"CODE_SIGN_IDENTITY[sdk=iphoneos*]" = "iPhone Developer";
				COPY_PHASE_STRIP = NO;
				GCC_C_LANGUAGE_STANDARD = gnu99;
				GCC_DYNAMIC_NO_PIC = NO;
				GCC_OPTIMIZATION_LEVEL = 0;
				GCC_PREPROCESSOR_DEFINITIONS = (
					"DEBUG=1",
					"$(inherited)",
				);
				GCC_SYMBOLS_PRIVATE_EXTERN = NO;
				GCC_VERSION = com.apple.compilers.llvm.clang.1_0;
				GCC_WARN_ABOUT_RETURN_TYPE = YES;
				GCC_WARN_UNINITIALIZED_AUTOS = YES;
				GCC_WARN_UNUSED_VARIABLE = YES;
				IPHONEOS_DEPLOYMENT_TARGET = 5.1;
				SDKROOT = iphoneos;
			};
			name = Debug;
		};
		FDC4845F154CFBE00035BB36 /* Release */ = {
			isa = XCBuildConfiguration;
			buildSettings = {
				ALWAYS_SEARCH_USER_PATHS = NO;
				ARCHS = "$(ARCHS_STANDARD_32_BIT)";
				CLANG_ENABLE_OBJC_ARC = YES;
				"CODE_SIGN_IDENTITY[sdk=iphoneos*]" = "iPhone Developer";
				COPY_PHASE_STRIP = YES;
				GCC_C_LANGUAGE_STANDARD = gnu99;
				GCC_VERSION = com.apple.compilers.llvm.clang.1_0;
				GCC_WARN_ABOUT_RETURN_TYPE = YES;
				GCC_WARN_UNINITIALIZED_AUTOS = YES;
				GCC_WARN_UNUSED_VARIABLE = YES;
				IPHONEOS_DEPLOYMENT_TARGET = 5.1;
				OTHER_CFLAGS = "-DNS_BLOCK_ASSERTIONS=1";
				SDKROOT = iphoneos;
				VALIDATE_PRODUCT = YES;
			};
			name = Release;
		};
		FDC48461154CFBE00035BB36 /* Debug */ = {
			isa = XCBuildConfiguration;
			buildSettings = {
				CODE_SIGN_IDENTITY = "iPhone Developer";
				FRAMEWORK_SEARCH_PATHS = (
					"$(inherited)",
					"\"$(SRCROOT)\"",
				);
				GCC_PRECOMPILE_PREFIX_HEADER = YES;
				GCC_PREFIX_HEADER = "SpotAndGo/SpotAndGo-Prefix.pch";
				INFOPLIST_FILE = "SpotAndGo/SpotAndGo-Info.plist";
				LIBRARY_SEARCH_PATHS = (
					"$(inherited)",
					"\"$(SRCROOT)\"",
					"\"$(SRCROOT)/FlurryAnalytics\"",
					"\"$(SRCROOT)/SpotAndGo/Library\"",
				);
				PRODUCT_NAME = "$(TARGET_NAME)";
				PROVISIONING_PROFILE = "";
				WRAPPER_EXTENSION = app;
			};
			name = Debug;
		};
		FDC48462154CFBE00035BB36 /* Release */ = {
			isa = XCBuildConfiguration;
			buildSettings = {
				CODE_SIGN_IDENTITY = "iPhone Developer";
				FRAMEWORK_SEARCH_PATHS = (
					"$(inherited)",
					"\"$(SRCROOT)\"",
				);
				GCC_PRECOMPILE_PREFIX_HEADER = YES;
				GCC_PREFIX_HEADER = "SpotAndGo/SpotAndGo-Prefix.pch";
				INFOPLIST_FILE = "SpotAndGo/SpotAndGo-Info.plist";
				LIBRARY_SEARCH_PATHS = (
					"$(inherited)",
					"\"$(SRCROOT)\"",
					"\"$(SRCROOT)/FlurryAnalytics\"",
					"\"$(SRCROOT)/SpotAndGo/Library\"",
				);
				PRODUCT_NAME = "$(TARGET_NAME)";
				PROVISIONING_PROFILE = "";
				WRAPPER_EXTENSION = app;
			};
			name = Release;
		};
/* End XCBuildConfiguration section */

/* Begin XCConfigurationList section */
		FDC4843C154CFBDF0035BB36 /* Build configuration list for PBXProject "SpotAndGo" */ = {
			isa = XCConfigurationList;
			buildConfigurations = (
				FDC4845E154CFBE00035BB36 /* Debug */,
				FDC4845F154CFBE00035BB36 /* Release */,
			);
			defaultConfigurationIsVisible = 0;
			defaultConfigurationName = Release;
		};
		FDC48460154CFBE00035BB36 /* Build configuration list for PBXNativeTarget "SpotAndGo" */ = {
			isa = XCConfigurationList;
			buildConfigurations = (
				FDC48461154CFBE00035BB36 /* Debug */,
				FDC48462154CFBE00035BB36 /* Release */,
			);
			defaultConfigurationIsVisible = 0;
			defaultConfigurationName = Release;
		};
/* End XCConfigurationList section */
	};
	rootObject = FDC48439154CFBDF0035BB36 /* Project object */;
}
